Microsoft Visual Studio Solution File, Format Version 12.00
# Visual Studio Version 16
VisualStudioVersion = 16.0.29102.190
MinimumVisualStudioVersion = 10.0.40219.1
Project("{2150E333-8FDC-42A3-9474-1A3956D46DE8}") = "ThirdParty", "ThirdParty", "{1F48D0D5-940B-4C02-948B-1146BDC63551}"
EndProject
Project("{FAE04EC0-301F-11D3-BF4B-00C04F79EFBC}") = "WindowsInput", "ThirdParty\WindowsInput\WindowsInput.csproj", "{43025BD9-75A8-406D-9C1D-E7877CC71368}"
EndProject
Project("{FAE04EC0-301F-11D3-BF4B-00C04F79EFBC}") = "MiLight.Lib", "ThirdParty\MiLight.Lib\MiLight.Lib.csproj", "{5FB9E435-E16E-4EBE-BA86-2C06781A7403}"
EndProject
Project("{FAE04EC0-301F-11D3-BF4B-00C04F79EFBC}") = "MiLight.Lib.Tests", "ThirdParty\MiLight.Lib.Tests\MiLight.Lib.Tests.csproj", "{4FB155D3-3155-43E3-AB27-D6E0CB46F18F}"
EndProject
Project("{2150E333-8FDC-42A3-9474-1A3956D46DE8}") = "Tests", "Tests", "{8B84CC6B-1090-45B1-A55B-DED0DFA093EC}"
EndProject
Project("{2150E333-8FDC-42A3-9474-1A3956D46DE8}") = "0_BuildTools", "0_BuildTools", "{F6E2BECA-4FD3-4E08-B04C-F9B0A5DC1F69}"
	ProjectSection(SolutionItems) = preProject
		0_BuildTools\nuget-push.ps1 = 0_BuildTools\nuget-push.ps1
	EndProjectSection
EndProject
Project("{2150E333-8FDC-42A3-9474-1A3956D46DE8}") = "Lib.Core", "Lib.Core", "{40056EBD-9E94-4E62-BAE0-F559FE665373}"
EndProject
Project("{2150E333-8FDC-42A3-9474-1A3956D46DE8}") = "Lib.Core.OnlineServices.OpenWeatherMap", "Lib.Core.OnlineServices.OpenWeatherMap", "{894E91B3-883D-4FE7-9DDD-47A6127F6657}"
EndProject
Project("{2150E333-8FDC-42A3-9474-1A3956D46DE8}") = "Lib.Core.OnlineServices.Torrents", "Lib.Core.OnlineServices.Torrents", "{A4913819-2436-4AFB-920E-8DA368DD9019}"
EndProject
Project("{2150E333-8FDC-42A3-9474-1A3956D46DE8}") = "Lib.Core.OnlineServices.Transmission", "Lib.Core.OnlineServices.Transmission", "{9A2015F6-6FA4-4740-A6DD-DD1337E3CE00}"
EndProject
Project("{2150E333-8FDC-42A3-9474-1A3956D46DE8}") = "Lib.Core.OnlineServices.TeamFoundationServer", "Lib.Core.OnlineServices.TeamFoundationServer", "{562BB1F8-ED82-4805-A006-4E4FAD3986B6}"
EndProject
Project("{2150E333-8FDC-42A3-9474-1A3956D46DE8}") = "Lib.Core.OnlineServices.Trakt", "Lib.Core.OnlineServices.Trakt", "{CF9C44F2-50CC-4E89-AD18-E1F54B21C38B}"
EndProject
Project("{2150E333-8FDC-42A3-9474-1A3956D46DE8}") = "Lib.Core.OnlineServices.Plex", "Lib.Core.OnlineServices.Plex", "{E8D6996A-C074-477B-BE71-548689ADBD43}"
EndProject
Project("{2150E333-8FDC-42A3-9474-1A3956D46DE8}") = "Lib.Core.OnlineServices.Unibet", "Lib.Core.OnlineServices.Unibet", "{3E0C1FA4-4640-4E0D-AE45-2996EA640242}"
EndProject
Project("{2150E333-8FDC-42A3-9474-1A3956D46DE8}") = "Samples", "Samples", "{83F19F3E-A0ED-4539-B03E-5F580A68A0DB}"
EndProject
Project("{2150E333-8FDC-42A3-9474-1A3956D46DE8}") = "Lib.Core.Mvvm", "Lib.Core.Mvvm", "{58472783-10CA-409B-9948-C9C141BF1FFC}"
EndProject
Project("{2150E333-8FDC-42A3-9474-1A3956D46DE8}") = "Lib.Uwp", "Lib.Uwp", "{DBD46EBF-CC12-4754-9971-41DB2F587B90}"
EndProject
Project("{2150E333-8FDC-42A3-9474-1A3956D46DE8}") = "Lib.Uwp.Mvvm", "Lib.Uwp.Mvvm", "{0455834B-9ADB-4754-AC50-8790D6644F9C}"
EndProject
Project("{2150E333-8FDC-42A3-9474-1A3956D46DE8}") = "Lib.Win32", "Lib.Win32", "{F7DDB438-3693-4801-9F09-CC2F9EA64E37}"
EndProject
Project("{2150E333-8FDC-42A3-9474-1A3956D46DE8}") = "Lib.Core.OnlineServices.Rss", "Lib.Core.OnlineServices.Rss", "{51F9F04D-6D3E-481F-85BB-6291C3FE212D}"
EndProject
Project("{2150E333-8FDC-42A3-9474-1A3956D46DE8}") = "Lib.Core.OnlineServices.Rawg", "Lib.Core.OnlineServices.Rawg", "{6949A5CF-1C40-4C1B-863E-E0804DA90900}"
EndProject
Project("{9A19103F-16F7-4668-BE54-9A1E7A4F7556}") = "Lib.Core", "Lib.Core\Lib.Core\Lib.Core.csproj", "{0FD5570B-675F-43AB-BC20-D7B57AEA8F4B}"
EndProject
Project("{9A19103F-16F7-4668-BE54-9A1E7A4F7556}") = "Lib.Core.UnitTests", "Lib.Core\Lib.Core.UnitTests\Lib.Core.UnitTests.csproj", "{52E7FD0C-B278-4A61-B349-07505F976B9A}"
EndProject
Project("{9A19103F-16F7-4668-BE54-9A1E7A4F7556}") = "Lib.Core.Mvvm", "Lib.Core.Mvvm\Lib.Core.Mvvm\Lib.Core.Mvvm.csproj", "{7CDF9F31-1966-4057-997B-9BF5A2CFFA89}"
EndProject
Project("{9A19103F-16F7-4668-BE54-9A1E7A4F7556}") = "Lib.Core.OnlineServices.OpenWeatherMap", "Lib.Core.OnlineServices.OpenWeatherMap\Lib.Core.OnlineServices.OpenWeatherMap\Lib.Core.OnlineServices.OpenWeatherMap.csproj", "{DA1C2F28-0783-440F-811E-592B008E4378}"
EndProject
Project("{9A19103F-16F7-4668-BE54-9A1E7A4F7556}") = "Lib.Core.OnlineServices.OpenWeatherMap.UnitTests", "Lib.Core.OnlineServices.OpenWeatherMap\Lib.Core.OnlineServices.OpenWeatherMap.UnitTests\Lib.Core.OnlineServices.OpenWeatherMap.UnitTests.csproj", "{1AFF4E2B-D718-4901-92CF-D9394716CDF9}"
EndProject
Project("{9A19103F-16F7-4668-BE54-9A1E7A4F7556}") = "Lib.Core.OnlineServices.Plex", "Lib.Core.OnlineServices.Plex\Lib.Core.OnlineServices.Plex\Lib.Core.OnlineServices.Plex.csproj", "{4B09E713-FC6B-4747-91D6-6F9342896910}"
EndProject
Project("{9A19103F-16F7-4668-BE54-9A1E7A4F7556}") = "Lib.Core.OnlineServices.Plex.UnitTests", "Lib.Core.OnlineServices.Plex\Lib.Core.OnlineServices.Plex.UnitTests\Lib.Core.OnlineServices.Plex.UnitTests.csproj", "{D1484A15-5E6D-4244-BB35-F2C72407FA54}"
EndProject
Project("{9A19103F-16F7-4668-BE54-9A1E7A4F7556}") = "Lib.Core.OnlineServices.Rawg", "Lib.Core.OnlineServices.Rawg\Lib.Core.OnlineServices.Rawg\Lib.Core.OnlineServices.Rawg.csproj", "{C0C48A69-D678-40DA-8C8F-97D72F7577F3}"
EndProject
Project("{9A19103F-16F7-4668-BE54-9A1E7A4F7556}") = "Lib.Core.OnlineServices.Rawg.UnitTests", "Lib.Core.OnlineServices.Rawg\Lib.Core.OnlineServices.Rawg.UnitTests\Lib.Core.OnlineServices.Rawg.UnitTests.csproj", "{1BAD2152-227A-48E5-8A18-55896BC5C1B1}"
EndProject
Project("{9A19103F-16F7-4668-BE54-9A1E7A4F7556}") = "Lib.Core.OnlineServices.Rss", "Lib.Core.OnlineServices.Rss\Lib.Core.OnlineServices.Rss\Lib.Core.OnlineServices.Rss.csproj", "{06B0A7E4-5808-4E65-9803-7E4A7FBE367F}"
EndProject
Project("{9A19103F-16F7-4668-BE54-9A1E7A4F7556}") = "Lib.Core.OnlineServices.Rss.UnitTests", "Lib.Core.OnlineServices.Rss\Lib.Core.OnlineServices.Rss.UnitTests\Lib.Core.OnlineServices.Rss.UnitTests.csproj", "{E52E0574-4A79-4B1E-B1D6-A872CEFD35A4}"
EndProject
Project("{9A19103F-16F7-4668-BE54-9A1E7A4F7556}") = "Lib.Core.OnlineServices.TeamFoundationServer", "Lib.Core.OnlineServices.TeamFoundationServer\Lib.Core.OnlineServices.TeamFoundationServer\Lib.Core.OnlineServices.TeamFoundationServer.csproj", "{FD687785-BB69-4E74-991B-8BDA54D346C7}"
EndProject
Project("{9A19103F-16F7-4668-BE54-9A1E7A4F7556}") = "Lib.Core.OnlineServices.Torrents", "Lib.Core.OnlineServices.Torrents\Lib.Core.OnlineServices.Torrents\Lib.Core.OnlineServices.Torrents.csproj", "{38BAB87D-3640-4D16-986E-9E6201271EEB}"
EndProject
Project("{9A19103F-16F7-4668-BE54-9A1E7A4F7556}") = "Lib.Core.OnlineServices.Trakt", "Lib.Core.OnlineServices.Trakt\Lib.Core.OnlineServices.Trakt\Lib.Core.OnlineServices.Trakt.csproj", "{2B78BCFD-CB8E-4338-8203-1D1F192A0320}"
EndProject
Project("{9A19103F-16F7-4668-BE54-9A1E7A4F7556}") = "Lib.Core.OnlineServices.Trakt.UnitTests", "Lib.Core.OnlineServices.Trakt\Lib.Core.OnlineServices.Trakt.UnitTests\Lib.Core.OnlineServices.Trakt.UnitTests.csproj", "{D860E5CC-1640-4E33-AE6C-9865DD34C8DD}"
EndProject
Project("{9A19103F-16F7-4668-BE54-9A1E7A4F7556}") = "Lib.Core.OnlineServices.Transmission", "Lib.Core.OnlineServices.Transmission\Lib.Core.OnlineServices.Transmission\Lib.Core.OnlineServices.Transmission.csproj", "{BB1BD806-C689-4955-9F5B-181ED2F3F577}"
EndProject
Project("{9A19103F-16F7-4668-BE54-9A1E7A4F7556}") = "Lib.Core.OnlineServices.Transmission.UnitTests", "Lib.Core.OnlineServices.Transmission\Lib.Core.OnlineServices.Transmission.UnitTests\Lib.Core.OnlineServices.Transmission.UnitTests.csproj", "{62AD6AD6-6E59-47A9-B3A9-839E616F05A2}"
EndProject
Project("{9A19103F-16F7-4668-BE54-9A1E7A4F7556}") = "Lib.Core.OnlineServices.Unibet", "Lib.Core.OnlineServices.Unibet\Lib.Core.OnlineServices.Unibet\Lib.Core.OnlineServices.Unibet.csproj", "{A04DA839-6D42-4593-8A82-DC2A53ED29F2}"
EndProject
Project("{FAE04EC0-301F-11D3-BF4B-00C04F79EFBC}") = "Lib.Uwp", "Lib.Uwp\Lib.Uwp\Lib.Uwp.csproj", "{44BB2315-8649-437F-A74A-737BBC1C77D1}"
EndProject
Project("{FAE04EC0-301F-11D3-BF4B-00C04F79EFBC}") = "Lib.Uwp.Mvvm", "Lib.Uwp.Mvvm\Lib.Uwp.Mvvm\Lib.Uwp.Mvvm.csproj", "{946FF2A7-A89D-4887-A6A4-66BC62DAFCC2}"
EndProject
Project("{9A19103F-16F7-4668-BE54-9A1E7A4F7556}") = "Lib.Win32", "Lib.Win32\Lib.Win32\Lib.Win32.csproj", "{DF62BB78-345D-49C7-9A60-BBED95B1DD4E}"
EndProject
Project("{9A19103F-16F7-4668-BE54-9A1E7A4F7556}") = "Lib.Win32.UnitTests", "Lib.Win32\Lib.Win32.UnitTests\Lib.Win32.UnitTests.csproj", "{258002B5-77A5-4791-B911-D04662B46B99}"
EndProject
Project("{2150E333-8FDC-42A3-9474-1A3956D46DE8}") = "1_Documentation", "1_Documentation", "{B517618F-5F8B-42E2-A522-3D545F9CF7E0}"
	ProjectSection(SolutionItems) = preProject
		1_Documentation\Documentation.txt = 1_Documentation\Documentation.txt
		1_Documentation\README.md = 1_Documentation\README.md
		1_Documentation\Todo.txt = 1_Documentation\Todo.txt
	EndProjectSection
EndProject
Project("{9A19103F-16F7-4668-BE54-9A1E7A4F7556}") = "Lib.Core.OnlineServices.Unibet.UnitTests", "Lib.Core.OnlineServices.Unibet\Lib.Core.OnlineServices.Unibet.UnitTests\Lib.Core.OnlineServices.Unibet.UnitTests.csproj", "{F685CF1D-4F3C-4DAC-9460-025EDE671404}"
EndProject
Project("{9A19103F-16F7-4668-BE54-9A1E7A4F7556}") = "Lib.Core.OnlineServices.Torrents.UnitTests", "Lib.Core.OnlineServices.Torrents\Lib.Core.OnlineServices.Torrents.UnitTests\Lib.Core.OnlineServices.Torrents.UnitTests.csproj", "{A0FC0AC6-2494-494D-ADE4-FE0CA3692EDE}"
EndProject
Project("{9A19103F-16F7-4668-BE54-9A1E7A4F7556}") = "Lib.Core.OnlineServices.TeamFoundationServer.UnitTests", "Lib.Core.OnlineServices.TeamFoundationServer\Lib.Core.OnlineServices.TeamFoundationServer.UnitTests\Lib.Core.OnlineServices.TeamFoundationServer.UnitTests.csproj", "{EBA09A54-3EED-4DFB-A40B-B3CF8E639A1B}"
EndProject
Project("{9A19103F-16F7-4668-BE54-9A1E7A4F7556}") = "Lib.Core.Mvvm.UnitTests", "Lib.Core.Mvvm\Lib.Core.Mvvm.UnitTests\Lib.Core.Mvvm.UnitTests.csproj", "{707DFD32-EE3D-41A0-8062-C70FBD4BD8B7}"
EndProject
Project("{2150E333-8FDC-42A3-9474-1A3956D46DE8}") = "Lib.Core.Samples.WebApi", "Lib.Core.Samples.WebApi", "{85C57F88-B4FF-4527-A942-F08D4EE4EA84}"
EndProject
Project("{9A19103F-16F7-4668-BE54-9A1E7A4F7556}") = "Lib.Core.Samples.WebApi", "Samples\Lib.Core.Samples.WebApi\Lib.Core.Samples.WebApi\Lib.Core.Samples.WebApi.csproj", "{8078CAD7-F842-493E-97C7-9E6AFD6F0D8D}"
EndProject
Project("{FAE04EC0-301F-11D3-BF4B-00C04F79EFBC}") = "Lib.Core.Samples.WebApi.UnitTests", "Lib.Core.Samples.WebApi\Lib.Core.Samples.WebApi.UnitTests\Lib.Core.Samples.WebApi.UnitTests.csproj", "{3E2E964E-6A39-41F4-B1B3-BD961BEF025A}"
EndProject
Global
	GlobalSection(SolutionConfigurationPlatforms) = preSolution
		Debug|Any CPU = Debug|Any CPU
		Debug|ARM = Debug|ARM
		Debug|ARM64 = Debug|ARM64
		Debug|x64 = Debug|x64
		Debug|x86 = Debug|x86
		Release|Any CPU = Release|Any CPU
		Release|ARM = Release|ARM
		Release|ARM64 = Release|ARM64
		Release|x64 = Release|x64
		Release|x86 = Release|x86
	EndGlobalSection
	GlobalSection(ProjectConfigurationPlatforms) = postSolution
		{43025BD9-75A8-406D-9C1D-E7877CC71368}.Debug|Any CPU.ActiveCfg = Debug|Any CPU
		{43025BD9-75A8-406D-9C1D-E7877CC71368}.Debug|Any CPU.Build.0 = Debug|Any CPU
		{43025BD9-75A8-406D-9C1D-E7877CC71368}.Debug|ARM.ActiveCfg = Debug|Any CPU
		{43025BD9-75A8-406D-9C1D-E7877CC71368}.Debug|ARM.Build.0 = Debug|Any CPU
		{43025BD9-75A8-406D-9C1D-E7877CC71368}.Debug|ARM64.ActiveCfg = Debug|Any CPU
		{43025BD9-75A8-406D-9C1D-E7877CC71368}.Debug|ARM64.Build.0 = Debug|Any CPU
		{43025BD9-75A8-406D-9C1D-E7877CC71368}.Debug|x64.ActiveCfg = Debug|Any CPU
		{43025BD9-75A8-406D-9C1D-E7877CC71368}.Debug|x64.Build.0 = Debug|Any CPU
		{43025BD9-75A8-406D-9C1D-E7877CC71368}.Debug|x86.ActiveCfg = Debug|Any CPU
		{43025BD9-75A8-406D-9C1D-E7877CC71368}.Debug|x86.Build.0 = Debug|Any CPU
		{43025BD9-75A8-406D-9C1D-E7877CC71368}.Release|Any CPU.ActiveCfg = Release|Any CPU
		{43025BD9-75A8-406D-9C1D-E7877CC71368}.Release|Any CPU.Build.0 = Release|Any CPU
		{43025BD9-75A8-406D-9C1D-E7877CC71368}.Release|ARM.ActiveCfg = Release|Any CPU
		{43025BD9-75A8-406D-9C1D-E7877CC71368}.Release|ARM.Build.0 = Release|Any CPU
		{43025BD9-75A8-406D-9C1D-E7877CC71368}.Release|ARM64.ActiveCfg = Release|Any CPU
		{43025BD9-75A8-406D-9C1D-E7877CC71368}.Release|ARM64.Build.0 = Release|Any CPU
		{43025BD9-75A8-406D-9C1D-E7877CC71368}.Release|x64.ActiveCfg = Release|Any CPU
		{43025BD9-75A8-406D-9C1D-E7877CC71368}.Release|x64.Build.0 = Release|Any CPU
		{43025BD9-75A8-406D-9C1D-E7877CC71368}.Release|x86.ActiveCfg = Release|Any CPU
		{43025BD9-75A8-406D-9C1D-E7877CC71368}.Release|x86.Build.0 = Release|Any CPU
		{5FB9E435-E16E-4EBE-BA86-2C06781A7403}.Debug|Any CPU.ActiveCfg = Debug|Any CPU
		{5FB9E435-E16E-4EBE-BA86-2C06781A7403}.Debug|Any CPU.Build.0 = Debug|Any CPU
		{5FB9E435-E16E-4EBE-BA86-2C06781A7403}.Debug|ARM.ActiveCfg = Debug|Any CPU
		{5FB9E435-E16E-4EBE-BA86-2C06781A7403}.Debug|ARM.Build.0 = Debug|Any CPU
		{5FB9E435-E16E-4EBE-BA86-2C06781A7403}.Debug|ARM64.ActiveCfg = Debug|Any CPU
		{5FB9E435-E16E-4EBE-BA86-2C06781A7403}.Debug|ARM64.Build.0 = Debug|Any CPU
		{5FB9E435-E16E-4EBE-BA86-2C06781A7403}.Debug|x64.ActiveCfg = Debug|Any CPU
		{5FB9E435-E16E-4EBE-BA86-2C06781A7403}.Debug|x64.Build.0 = Debug|Any CPU
		{5FB9E435-E16E-4EBE-BA86-2C06781A7403}.Debug|x86.ActiveCfg = Debug|Any CPU
		{5FB9E435-E16E-4EBE-BA86-2C06781A7403}.Debug|x86.Build.0 = Debug|Any CPU
		{5FB9E435-E16E-4EBE-BA86-2C06781A7403}.Release|Any CPU.ActiveCfg = Release|Any CPU
		{5FB9E435-E16E-4EBE-BA86-2C06781A7403}.Release|Any CPU.Build.0 = Release|Any CPU
		{5FB9E435-E16E-4EBE-BA86-2C06781A7403}.Release|ARM.ActiveCfg = Release|Any CPU
		{5FB9E435-E16E-4EBE-BA86-2C06781A7403}.Release|ARM.Build.0 = Release|Any CPU
		{5FB9E435-E16E-4EBE-BA86-2C06781A7403}.Release|ARM64.ActiveCfg = Release|Any CPU
		{5FB9E435-E16E-4EBE-BA86-2C06781A7403}.Release|ARM64.Build.0 = Release|Any CPU
		{5FB9E435-E16E-4EBE-BA86-2C06781A7403}.Release|x64.ActiveCfg = Release|Any CPU
		{5FB9E435-E16E-4EBE-BA86-2C06781A7403}.Release|x64.Build.0 = Release|Any CPU
		{5FB9E435-E16E-4EBE-BA86-2C06781A7403}.Release|x86.ActiveCfg = Release|Any CPU
		{5FB9E435-E16E-4EBE-BA86-2C06781A7403}.Release|x86.Build.0 = Release|Any CPU
		{4FB155D3-3155-43E3-AB27-D6E0CB46F18F}.Debug|Any CPU.ActiveCfg = Debug|Any CPU
		{4FB155D3-3155-43E3-AB27-D6E0CB46F18F}.Debug|Any CPU.Build.0 = Debug|Any CPU
		{4FB155D3-3155-43E3-AB27-D6E0CB46F18F}.Debug|ARM.ActiveCfg = Debug|Any CPU
		{4FB155D3-3155-43E3-AB27-D6E0CB46F18F}.Debug|ARM.Build.0 = Debug|Any CPU
		{4FB155D3-3155-43E3-AB27-D6E0CB46F18F}.Debug|ARM64.ActiveCfg = Debug|Any CPU
		{4FB155D3-3155-43E3-AB27-D6E0CB46F18F}.Debug|ARM64.Build.0 = Debug|Any CPU
		{4FB155D3-3155-43E3-AB27-D6E0CB46F18F}.Debug|x64.ActiveCfg = Debug|Any CPU
		{4FB155D3-3155-43E3-AB27-D6E0CB46F18F}.Debug|x64.Build.0 = Debug|Any CPU
		{4FB155D3-3155-43E3-AB27-D6E0CB46F18F}.Debug|x86.ActiveCfg = Debug|Any CPU
		{4FB155D3-3155-43E3-AB27-D6E0CB46F18F}.Debug|x86.Build.0 = Debug|Any CPU
		{4FB155D3-3155-43E3-AB27-D6E0CB46F18F}.Release|Any CPU.ActiveCfg = Release|Any CPU
		{4FB155D3-3155-43E3-AB27-D6E0CB46F18F}.Release|Any CPU.Build.0 = Release|Any CPU
		{4FB155D3-3155-43E3-AB27-D6E0CB46F18F}.Release|ARM.ActiveCfg = Release|Any CPU
		{4FB155D3-3155-43E3-AB27-D6E0CB46F18F}.Release|ARM.Build.0 = Release|Any CPU
		{4FB155D3-3155-43E3-AB27-D6E0CB46F18F}.Release|ARM64.ActiveCfg = Release|Any CPU
		{4FB155D3-3155-43E3-AB27-D6E0CB46F18F}.Release|ARM64.Build.0 = Release|Any CPU
		{4FB155D3-3155-43E3-AB27-D6E0CB46F18F}.Release|x64.ActiveCfg = Release|Any CPU
		{4FB155D3-3155-43E3-AB27-D6E0CB46F18F}.Release|x64.Build.0 = Release|Any CPU
		{4FB155D3-3155-43E3-AB27-D6E0CB46F18F}.Release|x86.ActiveCfg = Release|Any CPU
		{4FB155D3-3155-43E3-AB27-D6E0CB46F18F}.Release|x86.Build.0 = Release|Any CPU
		{0FD5570B-675F-43AB-BC20-D7B57AEA8F4B}.Debug|Any CPU.ActiveCfg = Debug|Any CPU
		{0FD5570B-675F-43AB-BC20-D7B57AEA8F4B}.Debug|Any CPU.Build.0 = Debug|Any CPU
		{0FD5570B-675F-43AB-BC20-D7B57AEA8F4B}.Debug|ARM.ActiveCfg = Debug|Any CPU
		{0FD5570B-675F-43AB-BC20-D7B57AEA8F4B}.Debug|ARM.Build.0 = Debug|Any CPU
		{0FD5570B-675F-43AB-BC20-D7B57AEA8F4B}.Debug|ARM64.ActiveCfg = Debug|Any CPU
		{0FD5570B-675F-43AB-BC20-D7B57AEA8F4B}.Debug|ARM64.Build.0 = Debug|Any CPU
		{0FD5570B-675F-43AB-BC20-D7B57AEA8F4B}.Debug|x64.ActiveCfg = Debug|Any CPU
		{0FD5570B-675F-43AB-BC20-D7B57AEA8F4B}.Debug|x64.Build.0 = Debug|Any CPU
		{0FD5570B-675F-43AB-BC20-D7B57AEA8F4B}.Debug|x86.ActiveCfg = Debug|Any CPU
		{0FD5570B-675F-43AB-BC20-D7B57AEA8F4B}.Debug|x86.Build.0 = Debug|Any CPU
		{0FD5570B-675F-43AB-BC20-D7B57AEA8F4B}.Release|Any CPU.ActiveCfg = Release|Any CPU
		{0FD5570B-675F-43AB-BC20-D7B57AEA8F4B}.Release|Any CPU.Build.0 = Release|Any CPU
		{0FD5570B-675F-43AB-BC20-D7B57AEA8F4B}.Release|ARM.ActiveCfg = Release|Any CPU
		{0FD5570B-675F-43AB-BC20-D7B57AEA8F4B}.Release|ARM.Build.0 = Release|Any CPU
		{0FD5570B-675F-43AB-BC20-D7B57AEA8F4B}.Release|ARM64.ActiveCfg = Release|Any CPU
		{0FD5570B-675F-43AB-BC20-D7B57AEA8F4B}.Release|ARM64.Build.0 = Release|Any CPU
		{0FD5570B-675F-43AB-BC20-D7B57AEA8F4B}.Release|x64.ActiveCfg = Release|Any CPU
		{0FD5570B-675F-43AB-BC20-D7B57AEA8F4B}.Release|x64.Build.0 = Release|Any CPU
		{0FD5570B-675F-43AB-BC20-D7B57AEA8F4B}.Release|x86.ActiveCfg = Release|Any CPU
		{0FD5570B-675F-43AB-BC20-D7B57AEA8F4B}.Release|x86.Build.0 = Release|Any CPU
		{52E7FD0C-B278-4A61-B349-07505F976B9A}.Debug|Any CPU.ActiveCfg = Debug|Any CPU
		{52E7FD0C-B278-4A61-B349-07505F976B9A}.Debug|Any CPU.Build.0 = Debug|Any CPU
		{52E7FD0C-B278-4A61-B349-07505F976B9A}.Debug|ARM.ActiveCfg = Debug|Any CPU
		{52E7FD0C-B278-4A61-B349-07505F976B9A}.Debug|ARM.Build.0 = Debug|Any CPU
		{52E7FD0C-B278-4A61-B349-07505F976B9A}.Debug|ARM64.ActiveCfg = Debug|Any CPU
		{52E7FD0C-B278-4A61-B349-07505F976B9A}.Debug|ARM64.Build.0 = Debug|Any CPU
		{52E7FD0C-B278-4A61-B349-07505F976B9A}.Debug|x64.ActiveCfg = Debug|Any CPU
		{52E7FD0C-B278-4A61-B349-07505F976B9A}.Debug|x64.Build.0 = Debug|Any CPU
		{52E7FD0C-B278-4A61-B349-07505F976B9A}.Debug|x86.ActiveCfg = Debug|Any CPU
		{52E7FD0C-B278-4A61-B349-07505F976B9A}.Debug|x86.Build.0 = Debug|Any CPU
		{52E7FD0C-B278-4A61-B349-07505F976B9A}.Release|Any CPU.ActiveCfg = Release|Any CPU
		{52E7FD0C-B278-4A61-B349-07505F976B9A}.Release|Any CPU.Build.0 = Release|Any CPU
		{52E7FD0C-B278-4A61-B349-07505F976B9A}.Release|ARM.ActiveCfg = Release|Any CPU
		{52E7FD0C-B278-4A61-B349-07505F976B9A}.Release|ARM.Build.0 = Release|Any CPU
		{52E7FD0C-B278-4A61-B349-07505F976B9A}.Release|ARM64.ActiveCfg = Release|Any CPU
		{52E7FD0C-B278-4A61-B349-07505F976B9A}.Release|ARM64.Build.0 = Release|Any CPU
		{52E7FD0C-B278-4A61-B349-07505F976B9A}.Release|x64.ActiveCfg = Release|Any CPU
		{52E7FD0C-B278-4A61-B349-07505F976B9A}.Release|x64.Build.0 = Release|Any CPU
		{52E7FD0C-B278-4A61-B349-07505F976B9A}.Release|x86.ActiveCfg = Release|Any CPU
		{52E7FD0C-B278-4A61-B349-07505F976B9A}.Release|x86.Build.0 = Release|Any CPU
		{7CDF9F31-1966-4057-997B-9BF5A2CFFA89}.Debug|Any CPU.ActiveCfg = Debug|Any CPU
		{7CDF9F31-1966-4057-997B-9BF5A2CFFA89}.Debug|Any CPU.Build.0 = Debug|Any CPU
		{7CDF9F31-1966-4057-997B-9BF5A2CFFA89}.Debug|ARM.ActiveCfg = Debug|Any CPU
		{7CDF9F31-1966-4057-997B-9BF5A2CFFA89}.Debug|ARM.Build.0 = Debug|Any CPU
		{7CDF9F31-1966-4057-997B-9BF5A2CFFA89}.Debug|ARM64.ActiveCfg = Debug|Any CPU
		{7CDF9F31-1966-4057-997B-9BF5A2CFFA89}.Debug|ARM64.Build.0 = Debug|Any CPU
		{7CDF9F31-1966-4057-997B-9BF5A2CFFA89}.Debug|x64.ActiveCfg = Debug|Any CPU
		{7CDF9F31-1966-4057-997B-9BF5A2CFFA89}.Debug|x64.Build.0 = Debug|Any CPU
		{7CDF9F31-1966-4057-997B-9BF5A2CFFA89}.Debug|x86.ActiveCfg = Debug|Any CPU
		{7CDF9F31-1966-4057-997B-9BF5A2CFFA89}.Debug|x86.Build.0 = Debug|Any CPU
		{7CDF9F31-1966-4057-997B-9BF5A2CFFA89}.Release|Any CPU.ActiveCfg = Release|Any CPU
		{7CDF9F31-1966-4057-997B-9BF5A2CFFA89}.Release|Any CPU.Build.0 = Release|Any CPU
		{7CDF9F31-1966-4057-997B-9BF5A2CFFA89}.Release|ARM.ActiveCfg = Release|Any CPU
		{7CDF9F31-1966-4057-997B-9BF5A2CFFA89}.Release|ARM.Build.0 = Release|Any CPU
		{7CDF9F31-1966-4057-997B-9BF5A2CFFA89}.Release|ARM64.ActiveCfg = Release|Any CPU
		{7CDF9F31-1966-4057-997B-9BF5A2CFFA89}.Release|ARM64.Build.0 = Release|Any CPU
		{7CDF9F31-1966-4057-997B-9BF5A2CFFA89}.Release|x64.ActiveCfg = Release|Any CPU
		{7CDF9F31-1966-4057-997B-9BF5A2CFFA89}.Release|x64.Build.0 = Release|Any CPU
		{7CDF9F31-1966-4057-997B-9BF5A2CFFA89}.Release|x86.ActiveCfg = Release|Any CPU
		{7CDF9F31-1966-4057-997B-9BF5A2CFFA89}.Release|x86.Build.0 = Release|Any CPU
		{DA1C2F28-0783-440F-811E-592B008E4378}.Debug|Any CPU.ActiveCfg = Debug|Any CPU
		{DA1C2F28-0783-440F-811E-592B008E4378}.Debug|Any CPU.Build.0 = Debug|Any CPU
		{DA1C2F28-0783-440F-811E-592B008E4378}.Debug|ARM.ActiveCfg = Debug|Any CPU
		{DA1C2F28-0783-440F-811E-592B008E4378}.Debug|ARM.Build.0 = Debug|Any CPU
		{DA1C2F28-0783-440F-811E-592B008E4378}.Debug|ARM64.ActiveCfg = Debug|Any CPU
		{DA1C2F28-0783-440F-811E-592B008E4378}.Debug|ARM64.Build.0 = Debug|Any CPU
		{DA1C2F28-0783-440F-811E-592B008E4378}.Debug|x64.ActiveCfg = Debug|Any CPU
		{DA1C2F28-0783-440F-811E-592B008E4378}.Debug|x64.Build.0 = Debug|Any CPU
		{DA1C2F28-0783-440F-811E-592B008E4378}.Debug|x86.ActiveCfg = Debug|Any CPU
		{DA1C2F28-0783-440F-811E-592B008E4378}.Debug|x86.Build.0 = Debug|Any CPU
		{DA1C2F28-0783-440F-811E-592B008E4378}.Release|Any CPU.ActiveCfg = Release|Any CPU
		{DA1C2F28-0783-440F-811E-592B008E4378}.Release|Any CPU.Build.0 = Release|Any CPU
		{DA1C2F28-0783-440F-811E-592B008E4378}.Release|ARM.ActiveCfg = Release|Any CPU
		{DA1C2F28-0783-440F-811E-592B008E4378}.Release|ARM.Build.0 = Release|Any CPU
		{DA1C2F28-0783-440F-811E-592B008E4378}.Release|ARM64.ActiveCfg = Release|Any CPU
		{DA1C2F28-0783-440F-811E-592B008E4378}.Release|ARM64.Build.0 = Release|Any CPU
		{DA1C2F28-0783-440F-811E-592B008E4378}.Release|x64.ActiveCfg = Release|Any CPU
		{DA1C2F28-0783-440F-811E-592B008E4378}.Release|x64.Build.0 = Release|Any CPU
		{DA1C2F28-0783-440F-811E-592B008E4378}.Release|x86.ActiveCfg = Release|Any CPU
		{DA1C2F28-0783-440F-811E-592B008E4378}.Release|x86.Build.0 = Release|Any CPU
		{1AFF4E2B-D718-4901-92CF-D9394716CDF9}.Debug|Any CPU.ActiveCfg = Debug|Any CPU
		{1AFF4E2B-D718-4901-92CF-D9394716CDF9}.Debug|Any CPU.Build.0 = Debug|Any CPU
		{1AFF4E2B-D718-4901-92CF-D9394716CDF9}.Debug|ARM.ActiveCfg = Debug|Any CPU
		{1AFF4E2B-D718-4901-92CF-D9394716CDF9}.Debug|ARM.Build.0 = Debug|Any CPU
		{1AFF4E2B-D718-4901-92CF-D9394716CDF9}.Debug|ARM64.ActiveCfg = Debug|Any CPU
		{1AFF4E2B-D718-4901-92CF-D9394716CDF9}.Debug|ARM64.Build.0 = Debug|Any CPU
		{1AFF4E2B-D718-4901-92CF-D9394716CDF9}.Debug|x64.ActiveCfg = Debug|Any CPU
		{1AFF4E2B-D718-4901-92CF-D9394716CDF9}.Debug|x64.Build.0 = Debug|Any CPU
		{1AFF4E2B-D718-4901-92CF-D9394716CDF9}.Debug|x86.ActiveCfg = Debug|Any CPU
		{1AFF4E2B-D718-4901-92CF-D9394716CDF9}.Debug|x86.Build.0 = Debug|Any CPU
		{1AFF4E2B-D718-4901-92CF-D9394716CDF9}.Release|Any CPU.ActiveCfg = Release|Any CPU
		{1AFF4E2B-D718-4901-92CF-D9394716CDF9}.Release|Any CPU.Build.0 = Release|Any CPU
		{1AFF4E2B-D718-4901-92CF-D9394716CDF9}.Release|ARM.ActiveCfg = Release|Any CPU
		{1AFF4E2B-D718-4901-92CF-D9394716CDF9}.Release|ARM.Build.0 = Release|Any CPU
		{1AFF4E2B-D718-4901-92CF-D9394716CDF9}.Release|ARM64.ActiveCfg = Release|Any CPU
		{1AFF4E2B-D718-4901-92CF-D9394716CDF9}.Release|ARM64.Build.0 = Release|Any CPU
		{1AFF4E2B-D718-4901-92CF-D9394716CDF9}.Release|x64.ActiveCfg = Release|Any CPU
		{1AFF4E2B-D718-4901-92CF-D9394716CDF9}.Release|x64.Build.0 = Release|Any CPU
		{1AFF4E2B-D718-4901-92CF-D9394716CDF9}.Release|x86.ActiveCfg = Release|Any CPU
		{1AFF4E2B-D718-4901-92CF-D9394716CDF9}.Release|x86.Build.0 = Release|Any CPU
		{4B09E713-FC6B-4747-91D6-6F9342896910}.Debug|Any CPU.ActiveCfg = Debug|Any CPU
		{4B09E713-FC6B-4747-91D6-6F9342896910}.Debug|Any CPU.Build.0 = Debug|Any CPU
		{4B09E713-FC6B-4747-91D6-6F9342896910}.Debug|ARM.ActiveCfg = Debug|Any CPU
		{4B09E713-FC6B-4747-91D6-6F9342896910}.Debug|ARM.Build.0 = Debug|Any CPU
		{4B09E713-FC6B-4747-91D6-6F9342896910}.Debug|ARM64.ActiveCfg = Debug|Any CPU
		{4B09E713-FC6B-4747-91D6-6F9342896910}.Debug|ARM64.Build.0 = Debug|Any CPU
		{4B09E713-FC6B-4747-91D6-6F9342896910}.Debug|x64.ActiveCfg = Debug|Any CPU
		{4B09E713-FC6B-4747-91D6-6F9342896910}.Debug|x64.Build.0 = Debug|Any CPU
		{4B09E713-FC6B-4747-91D6-6F9342896910}.Debug|x86.ActiveCfg = Debug|Any CPU
		{4B09E713-FC6B-4747-91D6-6F9342896910}.Debug|x86.Build.0 = Debug|Any CPU
		{4B09E713-FC6B-4747-91D6-6F9342896910}.Release|Any CPU.ActiveCfg = Release|Any CPU
		{4B09E713-FC6B-4747-91D6-6F9342896910}.Release|Any CPU.Build.0 = Release|Any CPU
		{4B09E713-FC6B-4747-91D6-6F9342896910}.Release|ARM.ActiveCfg = Release|Any CPU
		{4B09E713-FC6B-4747-91D6-6F9342896910}.Release|ARM.Build.0 = Release|Any CPU
		{4B09E713-FC6B-4747-91D6-6F9342896910}.Release|ARM64.ActiveCfg = Release|Any CPU
		{4B09E713-FC6B-4747-91D6-6F9342896910}.Release|ARM64.Build.0 = Release|Any CPU
		{4B09E713-FC6B-4747-91D6-6F9342896910}.Release|x64.ActiveCfg = Release|Any CPU
		{4B09E713-FC6B-4747-91D6-6F9342896910}.Release|x64.Build.0 = Release|Any CPU
		{4B09E713-FC6B-4747-91D6-6F9342896910}.Release|x86.ActiveCfg = Release|Any CPU
		{4B09E713-FC6B-4747-91D6-6F9342896910}.Release|x86.Build.0 = Release|Any CPU
		{D1484A15-5E6D-4244-BB35-F2C72407FA54}.Debug|Any CPU.ActiveCfg = Debug|Any CPU
		{D1484A15-5E6D-4244-BB35-F2C72407FA54}.Debug|Any CPU.Build.0 = Debug|Any CPU
		{D1484A15-5E6D-4244-BB35-F2C72407FA54}.Debug|ARM.ActiveCfg = Debug|Any CPU
		{D1484A15-5E6D-4244-BB35-F2C72407FA54}.Debug|ARM.Build.0 = Debug|Any CPU
		{D1484A15-5E6D-4244-BB35-F2C72407FA54}.Debug|ARM64.ActiveCfg = Debug|Any CPU
		{D1484A15-5E6D-4244-BB35-F2C72407FA54}.Debug|ARM64.Build.0 = Debug|Any CPU
		{D1484A15-5E6D-4244-BB35-F2C72407FA54}.Debug|x64.ActiveCfg = Debug|Any CPU
		{D1484A15-5E6D-4244-BB35-F2C72407FA54}.Debug|x64.Build.0 = Debug|Any CPU
		{D1484A15-5E6D-4244-BB35-F2C72407FA54}.Debug|x86.ActiveCfg = Debug|Any CPU
		{D1484A15-5E6D-4244-BB35-F2C72407FA54}.Debug|x86.Build.0 = Debug|Any CPU
		{D1484A15-5E6D-4244-BB35-F2C72407FA54}.Release|Any CPU.ActiveCfg = Release|Any CPU
		{D1484A15-5E6D-4244-BB35-F2C72407FA54}.Release|Any CPU.Build.0 = Release|Any CPU
		{D1484A15-5E6D-4244-BB35-F2C72407FA54}.Release|ARM.ActiveCfg = Release|Any CPU
		{D1484A15-5E6D-4244-BB35-F2C72407FA54}.Release|ARM.Build.0 = Release|Any CPU
		{D1484A15-5E6D-4244-BB35-F2C72407FA54}.Release|ARM64.ActiveCfg = Release|Any CPU
		{D1484A15-5E6D-4244-BB35-F2C72407FA54}.Release|ARM64.Build.0 = Release|Any CPU
		{D1484A15-5E6D-4244-BB35-F2C72407FA54}.Release|x64.ActiveCfg = Release|Any CPU
		{D1484A15-5E6D-4244-BB35-F2C72407FA54}.Release|x64.Build.0 = Release|Any CPU
		{D1484A15-5E6D-4244-BB35-F2C72407FA54}.Release|x86.ActiveCfg = Release|Any CPU
		{D1484A15-5E6D-4244-BB35-F2C72407FA54}.Release|x86.Build.0 = Release|Any CPU
		{C0C48A69-D678-40DA-8C8F-97D72F7577F3}.Debug|Any CPU.ActiveCfg = Debug|Any CPU
		{C0C48A69-D678-40DA-8C8F-97D72F7577F3}.Debug|Any CPU.Build.0 = Debug|Any CPU
		{C0C48A69-D678-40DA-8C8F-97D72F7577F3}.Debug|ARM.ActiveCfg = Debug|Any CPU
		{C0C48A69-D678-40DA-8C8F-97D72F7577F3}.Debug|ARM.Build.0 = Debug|Any CPU
		{C0C48A69-D678-40DA-8C8F-97D72F7577F3}.Debug|ARM64.ActiveCfg = Debug|Any CPU
		{C0C48A69-D678-40DA-8C8F-97D72F7577F3}.Debug|ARM64.Build.0 = Debug|Any CPU
		{C0C48A69-D678-40DA-8C8F-97D72F7577F3}.Debug|x64.ActiveCfg = Debug|Any CPU
		{C0C48A69-D678-40DA-8C8F-97D72F7577F3}.Debug|x64.Build.0 = Debug|Any CPU
		{C0C48A69-D678-40DA-8C8F-97D72F7577F3}.Debug|x86.ActiveCfg = Debug|Any CPU
		{C0C48A69-D678-40DA-8C8F-97D72F7577F3}.Debug|x86.Build.0 = Debug|Any CPU
		{C0C48A69-D678-40DA-8C8F-97D72F7577F3}.Release|Any CPU.ActiveCfg = Release|Any CPU
		{C0C48A69-D678-40DA-8C8F-97D72F7577F3}.Release|Any CPU.Build.0 = Release|Any CPU
		{C0C48A69-D678-40DA-8C8F-97D72F7577F3}.Release|ARM.ActiveCfg = Release|Any CPU
		{C0C48A69-D678-40DA-8C8F-97D72F7577F3}.Release|ARM.Build.0 = Release|Any CPU
		{C0C48A69-D678-40DA-8C8F-97D72F7577F3}.Release|ARM64.ActiveCfg = Release|Any CPU
		{C0C48A69-D678-40DA-8C8F-97D72F7577F3}.Release|ARM64.Build.0 = Release|Any CPU
		{C0C48A69-D678-40DA-8C8F-97D72F7577F3}.Release|x64.ActiveCfg = Release|Any CPU
		{C0C48A69-D678-40DA-8C8F-97D72F7577F3}.Release|x64.Build.0 = Release|Any CPU
		{C0C48A69-D678-40DA-8C8F-97D72F7577F3}.Release|x86.ActiveCfg = Release|Any CPU
		{C0C48A69-D678-40DA-8C8F-97D72F7577F3}.Release|x86.Build.0 = Release|Any CPU
		{1BAD2152-227A-48E5-8A18-55896BC5C1B1}.Debug|Any CPU.ActiveCfg = Debug|Any CPU
		{1BAD2152-227A-48E5-8A18-55896BC5C1B1}.Debug|Any CPU.Build.0 = Debug|Any CPU
		{1BAD2152-227A-48E5-8A18-55896BC5C1B1}.Debug|ARM.ActiveCfg = Debug|Any CPU
		{1BAD2152-227A-48E5-8A18-55896BC5C1B1}.Debug|ARM.Build.0 = Debug|Any CPU
		{1BAD2152-227A-48E5-8A18-55896BC5C1B1}.Debug|ARM64.ActiveCfg = Debug|Any CPU
		{1BAD2152-227A-48E5-8A18-55896BC5C1B1}.Debug|ARM64.Build.0 = Debug|Any CPU
		{1BAD2152-227A-48E5-8A18-55896BC5C1B1}.Debug|x64.ActiveCfg = Debug|Any CPU
		{1BAD2152-227A-48E5-8A18-55896BC5C1B1}.Debug|x64.Build.0 = Debug|Any CPU
		{1BAD2152-227A-48E5-8A18-55896BC5C1B1}.Debug|x86.ActiveCfg = Debug|Any CPU
		{1BAD2152-227A-48E5-8A18-55896BC5C1B1}.Debug|x86.Build.0 = Debug|Any CPU
		{1BAD2152-227A-48E5-8A18-55896BC5C1B1}.Release|Any CPU.ActiveCfg = Release|Any CPU
		{1BAD2152-227A-48E5-8A18-55896BC5C1B1}.Release|Any CPU.Build.0 = Release|Any CPU
		{1BAD2152-227A-48E5-8A18-55896BC5C1B1}.Release|ARM.ActiveCfg = Release|Any CPU
		{1BAD2152-227A-48E5-8A18-55896BC5C1B1}.Release|ARM.Build.0 = Release|Any CPU
		{1BAD2152-227A-48E5-8A18-55896BC5C1B1}.Release|ARM64.ActiveCfg = Release|Any CPU
		{1BAD2152-227A-48E5-8A18-55896BC5C1B1}.Release|ARM64.Build.0 = Release|Any CPU
		{1BAD2152-227A-48E5-8A18-55896BC5C1B1}.Release|x64.ActiveCfg = Release|Any CPU
		{1BAD2152-227A-48E5-8A18-55896BC5C1B1}.Release|x64.Build.0 = Release|Any CPU
		{1BAD2152-227A-48E5-8A18-55896BC5C1B1}.Release|x86.ActiveCfg = Release|Any CPU
		{1BAD2152-227A-48E5-8A18-55896BC5C1B1}.Release|x86.Build.0 = Release|Any CPU
		{06B0A7E4-5808-4E65-9803-7E4A7FBE367F}.Debug|Any CPU.ActiveCfg = Debug|Any CPU
		{06B0A7E4-5808-4E65-9803-7E4A7FBE367F}.Debug|Any CPU.Build.0 = Debug|Any CPU
		{06B0A7E4-5808-4E65-9803-7E4A7FBE367F}.Debug|ARM.ActiveCfg = Debug|Any CPU
		{06B0A7E4-5808-4E65-9803-7E4A7FBE367F}.Debug|ARM.Build.0 = Debug|Any CPU
		{06B0A7E4-5808-4E65-9803-7E4A7FBE367F}.Debug|ARM64.ActiveCfg = Debug|Any CPU
		{06B0A7E4-5808-4E65-9803-7E4A7FBE367F}.Debug|ARM64.Build.0 = Debug|Any CPU
		{06B0A7E4-5808-4E65-9803-7E4A7FBE367F}.Debug|x64.ActiveCfg = Debug|Any CPU
		{06B0A7E4-5808-4E65-9803-7E4A7FBE367F}.Debug|x64.Build.0 = Debug|Any CPU
		{06B0A7E4-5808-4E65-9803-7E4A7FBE367F}.Debug|x86.ActiveCfg = Debug|Any CPU
		{06B0A7E4-5808-4E65-9803-7E4A7FBE367F}.Debug|x86.Build.0 = Debug|Any CPU
		{06B0A7E4-5808-4E65-9803-7E4A7FBE367F}.Release|Any CPU.ActiveCfg = Release|Any CPU
		{06B0A7E4-5808-4E65-9803-7E4A7FBE367F}.Release|Any CPU.Build.0 = Release|Any CPU
		{06B0A7E4-5808-4E65-9803-7E4A7FBE367F}.Release|ARM.ActiveCfg = Release|Any CPU
		{06B0A7E4-5808-4E65-9803-7E4A7FBE367F}.Release|ARM.Build.0 = Release|Any CPU
		{06B0A7E4-5808-4E65-9803-7E4A7FBE367F}.Release|ARM64.ActiveCfg = Release|Any CPU
		{06B0A7E4-5808-4E65-9803-7E4A7FBE367F}.Release|ARM64.Build.0 = Release|Any CPU
		{06B0A7E4-5808-4E65-9803-7E4A7FBE367F}.Release|x64.ActiveCfg = Release|Any CPU
		{06B0A7E4-5808-4E65-9803-7E4A7FBE367F}.Release|x64.Build.0 = Release|Any CPU
		{06B0A7E4-5808-4E65-9803-7E4A7FBE367F}.Release|x86.ActiveCfg = Release|Any CPU
		{06B0A7E4-5808-4E65-9803-7E4A7FBE367F}.Release|x86.Build.0 = Release|Any CPU
		{E52E0574-4A79-4B1E-B1D6-A872CEFD35A4}.Debug|Any CPU.ActiveCfg = Debug|Any CPU
		{E52E0574-4A79-4B1E-B1D6-A872CEFD35A4}.Debug|Any CPU.Build.0 = Debug|Any CPU
		{E52E0574-4A79-4B1E-B1D6-A872CEFD35A4}.Debug|ARM.ActiveCfg = Debug|Any CPU
		{E52E0574-4A79-4B1E-B1D6-A872CEFD35A4}.Debug|ARM.Build.0 = Debug|Any CPU
		{E52E0574-4A79-4B1E-B1D6-A872CEFD35A4}.Debug|ARM64.ActiveCfg = Debug|Any CPU
		{E52E0574-4A79-4B1E-B1D6-A872CEFD35A4}.Debug|ARM64.Build.0 = Debug|Any CPU
		{E52E0574-4A79-4B1E-B1D6-A872CEFD35A4}.Debug|x64.ActiveCfg = Debug|Any CPU
		{E52E0574-4A79-4B1E-B1D6-A872CEFD35A4}.Debug|x64.Build.0 = Debug|Any CPU
		{E52E0574-4A79-4B1E-B1D6-A872CEFD35A4}.Debug|x86.ActiveCfg = Debug|Any CPU
		{E52E0574-4A79-4B1E-B1D6-A872CEFD35A4}.Debug|x86.Build.0 = Debug|Any CPU
		{E52E0574-4A79-4B1E-B1D6-A872CEFD35A4}.Release|Any CPU.ActiveCfg = Release|Any CPU
		{E52E0574-4A79-4B1E-B1D6-A872CEFD35A4}.Release|Any CPU.Build.0 = Release|Any CPU
		{E52E0574-4A79-4B1E-B1D6-A872CEFD35A4}.Release|ARM.ActiveCfg = Release|Any CPU
		{E52E0574-4A79-4B1E-B1D6-A872CEFD35A4}.Release|ARM.Build.0 = Release|Any CPU
		{E52E0574-4A79-4B1E-B1D6-A872CEFD35A4}.Release|ARM64.ActiveCfg = Release|Any CPU
		{E52E0574-4A79-4B1E-B1D6-A872CEFD35A4}.Release|ARM64.Build.0 = Release|Any CPU
		{E52E0574-4A79-4B1E-B1D6-A872CEFD35A4}.Release|x64.ActiveCfg = Release|Any CPU
		{E52E0574-4A79-4B1E-B1D6-A872CEFD35A4}.Release|x64.Build.0 = Release|Any CPU
		{E52E0574-4A79-4B1E-B1D6-A872CEFD35A4}.Release|x86.ActiveCfg = Release|Any CPU
		{E52E0574-4A79-4B1E-B1D6-A872CEFD35A4}.Release|x86.Build.0 = Release|Any CPU
		{FD687785-BB69-4E74-991B-8BDA54D346C7}.Debug|Any CPU.ActiveCfg = Debug|Any CPU
		{FD687785-BB69-4E74-991B-8BDA54D346C7}.Debug|Any CPU.Build.0 = Debug|Any CPU
		{FD687785-BB69-4E74-991B-8BDA54D346C7}.Debug|ARM.ActiveCfg = Debug|Any CPU
		{FD687785-BB69-4E74-991B-8BDA54D346C7}.Debug|ARM.Build.0 = Debug|Any CPU
		{FD687785-BB69-4E74-991B-8BDA54D346C7}.Debug|ARM64.ActiveCfg = Debug|Any CPU
		{FD687785-BB69-4E74-991B-8BDA54D346C7}.Debug|ARM64.Build.0 = Debug|Any CPU
		{FD687785-BB69-4E74-991B-8BDA54D346C7}.Debug|x64.ActiveCfg = Debug|Any CPU
		{FD687785-BB69-4E74-991B-8BDA54D346C7}.Debug|x64.Build.0 = Debug|Any CPU
		{FD687785-BB69-4E74-991B-8BDA54D346C7}.Debug|x86.ActiveCfg = Debug|Any CPU
		{FD687785-BB69-4E74-991B-8BDA54D346C7}.Debug|x86.Build.0 = Debug|Any CPU
		{FD687785-BB69-4E74-991B-8BDA54D346C7}.Release|Any CPU.ActiveCfg = Release|Any CPU
		{FD687785-BB69-4E74-991B-8BDA54D346C7}.Release|Any CPU.Build.0 = Release|Any CPU
		{FD687785-BB69-4E74-991B-8BDA54D346C7}.Release|ARM.ActiveCfg = Release|Any CPU
		{FD687785-BB69-4E74-991B-8BDA54D346C7}.Release|ARM.Build.0 = Release|Any CPU
		{FD687785-BB69-4E74-991B-8BDA54D346C7}.Release|ARM64.ActiveCfg = Release|Any CPU
		{FD687785-BB69-4E74-991B-8BDA54D346C7}.Release|ARM64.Build.0 = Release|Any CPU
		{FD687785-BB69-4E74-991B-8BDA54D346C7}.Release|x64.ActiveCfg = Release|Any CPU
		{FD687785-BB69-4E74-991B-8BDA54D346C7}.Release|x64.Build.0 = Release|Any CPU
		{FD687785-BB69-4E74-991B-8BDA54D346C7}.Release|x86.ActiveCfg = Release|Any CPU
		{FD687785-BB69-4E74-991B-8BDA54D346C7}.Release|x86.Build.0 = Release|Any CPU
		{38BAB87D-3640-4D16-986E-9E6201271EEB}.Debug|Any CPU.ActiveCfg = Debug|Any CPU
		{38BAB87D-3640-4D16-986E-9E6201271EEB}.Debug|Any CPU.Build.0 = Debug|Any CPU
		{38BAB87D-3640-4D16-986E-9E6201271EEB}.Debug|ARM.ActiveCfg = Debug|Any CPU
		{38BAB87D-3640-4D16-986E-9E6201271EEB}.Debug|ARM.Build.0 = Debug|Any CPU
		{38BAB87D-3640-4D16-986E-9E6201271EEB}.Debug|ARM64.ActiveCfg = Debug|Any CPU
		{38BAB87D-3640-4D16-986E-9E6201271EEB}.Debug|ARM64.Build.0 = Debug|Any CPU
		{38BAB87D-3640-4D16-986E-9E6201271EEB}.Debug|x64.ActiveCfg = Debug|Any CPU
		{38BAB87D-3640-4D16-986E-9E6201271EEB}.Debug|x64.Build.0 = Debug|Any CPU
		{38BAB87D-3640-4D16-986E-9E6201271EEB}.Debug|x86.ActiveCfg = Debug|Any CPU
		{38BAB87D-3640-4D16-986E-9E6201271EEB}.Debug|x86.Build.0 = Debug|Any CPU
		{38BAB87D-3640-4D16-986E-9E6201271EEB}.Release|Any CPU.ActiveCfg = Release|Any CPU
		{38BAB87D-3640-4D16-986E-9E6201271EEB}.Release|Any CPU.Build.0 = Release|Any CPU
		{38BAB87D-3640-4D16-986E-9E6201271EEB}.Release|ARM.ActiveCfg = Release|Any CPU
		{38BAB87D-3640-4D16-986E-9E6201271EEB}.Release|ARM.Build.0 = Release|Any CPU
		{38BAB87D-3640-4D16-986E-9E6201271EEB}.Release|ARM64.ActiveCfg = Release|Any CPU
		{38BAB87D-3640-4D16-986E-9E6201271EEB}.Release|ARM64.Build.0 = Release|Any CPU
		{38BAB87D-3640-4D16-986E-9E6201271EEB}.Release|x64.ActiveCfg = Release|Any CPU
		{38BAB87D-3640-4D16-986E-9E6201271EEB}.Release|x64.Build.0 = Release|Any CPU
		{38BAB87D-3640-4D16-986E-9E6201271EEB}.Release|x86.ActiveCfg = Release|Any CPU
		{38BAB87D-3640-4D16-986E-9E6201271EEB}.Release|x86.Build.0 = Release|Any CPU
		{2B78BCFD-CB8E-4338-8203-1D1F192A0320}.Debug|Any CPU.ActiveCfg = Debug|Any CPU
		{2B78BCFD-CB8E-4338-8203-1D1F192A0320}.Debug|Any CPU.Build.0 = Debug|Any CPU
		{2B78BCFD-CB8E-4338-8203-1D1F192A0320}.Debug|ARM.ActiveCfg = Debug|Any CPU
		{2B78BCFD-CB8E-4338-8203-1D1F192A0320}.Debug|ARM.Build.0 = Debug|Any CPU
		{2B78BCFD-CB8E-4338-8203-1D1F192A0320}.Debug|ARM64.ActiveCfg = Debug|Any CPU
		{2B78BCFD-CB8E-4338-8203-1D1F192A0320}.Debug|ARM64.Build.0 = Debug|Any CPU
		{2B78BCFD-CB8E-4338-8203-1D1F192A0320}.Debug|x64.ActiveCfg = Debug|Any CPU
		{2B78BCFD-CB8E-4338-8203-1D1F192A0320}.Debug|x64.Build.0 = Debug|Any CPU
		{2B78BCFD-CB8E-4338-8203-1D1F192A0320}.Debug|x86.ActiveCfg = Debug|Any CPU
		{2B78BCFD-CB8E-4338-8203-1D1F192A0320}.Debug|x86.Build.0 = Debug|Any CPU
		{2B78BCFD-CB8E-4338-8203-1D1F192A0320}.Release|Any CPU.ActiveCfg = Release|Any CPU
		{2B78BCFD-CB8E-4338-8203-1D1F192A0320}.Release|Any CPU.Build.0 = Release|Any CPU
		{2B78BCFD-CB8E-4338-8203-1D1F192A0320}.Release|ARM.ActiveCfg = Release|Any CPU
		{2B78BCFD-CB8E-4338-8203-1D1F192A0320}.Release|ARM.Build.0 = Release|Any CPU
		{2B78BCFD-CB8E-4338-8203-1D1F192A0320}.Release|ARM64.ActiveCfg = Release|Any CPU
		{2B78BCFD-CB8E-4338-8203-1D1F192A0320}.Release|ARM64.Build.0 = Release|Any CPU
		{2B78BCFD-CB8E-4338-8203-1D1F192A0320}.Release|x64.ActiveCfg = Release|Any CPU
		{2B78BCFD-CB8E-4338-8203-1D1F192A0320}.Release|x64.Build.0 = Release|Any CPU
		{2B78BCFD-CB8E-4338-8203-1D1F192A0320}.Release|x86.ActiveCfg = Release|Any CPU
		{2B78BCFD-CB8E-4338-8203-1D1F192A0320}.Release|x86.Build.0 = Release|Any CPU
		{D860E5CC-1640-4E33-AE6C-9865DD34C8DD}.Debug|Any CPU.ActiveCfg = Debug|Any CPU
		{D860E5CC-1640-4E33-AE6C-9865DD34C8DD}.Debug|Any CPU.Build.0 = Debug|Any CPU
		{D860E5CC-1640-4E33-AE6C-9865DD34C8DD}.Debug|ARM.ActiveCfg = Debug|Any CPU
		{D860E5CC-1640-4E33-AE6C-9865DD34C8DD}.Debug|ARM.Build.0 = Debug|Any CPU
		{D860E5CC-1640-4E33-AE6C-9865DD34C8DD}.Debug|ARM64.ActiveCfg = Debug|Any CPU
		{D860E5CC-1640-4E33-AE6C-9865DD34C8DD}.Debug|ARM64.Build.0 = Debug|Any CPU
		{D860E5CC-1640-4E33-AE6C-9865DD34C8DD}.Debug|x64.ActiveCfg = Debug|Any CPU
		{D860E5CC-1640-4E33-AE6C-9865DD34C8DD}.Debug|x64.Build.0 = Debug|Any CPU
		{D860E5CC-1640-4E33-AE6C-9865DD34C8DD}.Debug|x86.ActiveCfg = Debug|Any CPU
		{D860E5CC-1640-4E33-AE6C-9865DD34C8DD}.Debug|x86.Build.0 = Debug|Any CPU
		{D860E5CC-1640-4E33-AE6C-9865DD34C8DD}.Release|Any CPU.ActiveCfg = Release|Any CPU
		{D860E5CC-1640-4E33-AE6C-9865DD34C8DD}.Release|Any CPU.Build.0 = Release|Any CPU
		{D860E5CC-1640-4E33-AE6C-9865DD34C8DD}.Release|ARM.ActiveCfg = Release|Any CPU
		{D860E5CC-1640-4E33-AE6C-9865DD34C8DD}.Release|ARM.Build.0 = Release|Any CPU
		{D860E5CC-1640-4E33-AE6C-9865DD34C8DD}.Release|ARM64.ActiveCfg = Release|Any CPU
		{D860E5CC-1640-4E33-AE6C-9865DD34C8DD}.Release|ARM64.Build.0 = Release|Any CPU
		{D860E5CC-1640-4E33-AE6C-9865DD34C8DD}.Release|x64.ActiveCfg = Release|Any CPU
		{D860E5CC-1640-4E33-AE6C-9865DD34C8DD}.Release|x64.Build.0 = Release|Any CPU
		{D860E5CC-1640-4E33-AE6C-9865DD34C8DD}.Release|x86.ActiveCfg = Release|Any CPU
		{D860E5CC-1640-4E33-AE6C-9865DD34C8DD}.Release|x86.Build.0 = Release|Any CPU
		{BB1BD806-C689-4955-9F5B-181ED2F3F577}.Debug|Any CPU.ActiveCfg = Debug|Any CPU
		{BB1BD806-C689-4955-9F5B-181ED2F3F577}.Debug|Any CPU.Build.0 = Debug|Any CPU
		{BB1BD806-C689-4955-9F5B-181ED2F3F577}.Debug|ARM.ActiveCfg = Debug|Any CPU
		{BB1BD806-C689-4955-9F5B-181ED2F3F577}.Debug|ARM.Build.0 = Debug|Any CPU
		{BB1BD806-C689-4955-9F5B-181ED2F3F577}.Debug|ARM64.ActiveCfg = Debug|Any CPU
		{BB1BD806-C689-4955-9F5B-181ED2F3F577}.Debug|ARM64.Build.0 = Debug|Any CPU
		{BB1BD806-C689-4955-9F5B-181ED2F3F577}.Debug|x64.ActiveCfg = Debug|Any CPU
		{BB1BD806-C689-4955-9F5B-181ED2F3F577}.Debug|x64.Build.0 = Debug|Any CPU
		{BB1BD806-C689-4955-9F5B-181ED2F3F577}.Debug|x86.ActiveCfg = Debug|Any CPU
		{BB1BD806-C689-4955-9F5B-181ED2F3F577}.Debug|x86.Build.0 = Debug|Any CPU
		{BB1BD806-C689-4955-9F5B-181ED2F3F577}.Release|Any CPU.ActiveCfg = Release|Any CPU
		{BB1BD806-C689-4955-9F5B-181ED2F3F577}.Release|Any CPU.Build.0 = Release|Any CPU
		{BB1BD806-C689-4955-9F5B-181ED2F3F577}.Release|ARM.ActiveCfg = Release|Any CPU
		{BB1BD806-C689-4955-9F5B-181ED2F3F577}.Release|ARM.Build.0 = Release|Any CPU
		{BB1BD806-C689-4955-9F5B-181ED2F3F577}.Release|ARM64.ActiveCfg = Release|Any CPU
		{BB1BD806-C689-4955-9F5B-181ED2F3F577}.Release|ARM64.Build.0 = Release|Any CPU
		{BB1BD806-C689-4955-9F5B-181ED2F3F577}.Release|x64.ActiveCfg = Release|Any CPU
		{BB1BD806-C689-4955-9F5B-181ED2F3F577}.Release|x64.Build.0 = Release|Any CPU
		{BB1BD806-C689-4955-9F5B-181ED2F3F577}.Release|x86.ActiveCfg = Release|Any CPU
		{BB1BD806-C689-4955-9F5B-181ED2F3F577}.Release|x86.Build.0 = Release|Any CPU
		{62AD6AD6-6E59-47A9-B3A9-839E616F05A2}.Debug|Any CPU.ActiveCfg = Debug|Any CPU
		{62AD6AD6-6E59-47A9-B3A9-839E616F05A2}.Debug|Any CPU.Build.0 = Debug|Any CPU
		{62AD6AD6-6E59-47A9-B3A9-839E616F05A2}.Debug|ARM.ActiveCfg = Debug|Any CPU
		{62AD6AD6-6E59-47A9-B3A9-839E616F05A2}.Debug|ARM.Build.0 = Debug|Any CPU
		{62AD6AD6-6E59-47A9-B3A9-839E616F05A2}.Debug|ARM64.ActiveCfg = Debug|Any CPU
		{62AD6AD6-6E59-47A9-B3A9-839E616F05A2}.Debug|ARM64.Build.0 = Debug|Any CPU
		{62AD6AD6-6E59-47A9-B3A9-839E616F05A2}.Debug|x64.ActiveCfg = Debug|Any CPU
		{62AD6AD6-6E59-47A9-B3A9-839E616F05A2}.Debug|x64.Build.0 = Debug|Any CPU
		{62AD6AD6-6E59-47A9-B3A9-839E616F05A2}.Debug|x86.ActiveCfg = Debug|Any CPU
		{62AD6AD6-6E59-47A9-B3A9-839E616F05A2}.Debug|x86.Build.0 = Debug|Any CPU
		{62AD6AD6-6E59-47A9-B3A9-839E616F05A2}.Release|Any CPU.ActiveCfg = Release|Any CPU
		{62AD6AD6-6E59-47A9-B3A9-839E616F05A2}.Release|Any CPU.Build.0 = Release|Any CPU
		{62AD6AD6-6E59-47A9-B3A9-839E616F05A2}.Release|ARM.ActiveCfg = Release|Any CPU
		{62AD6AD6-6E59-47A9-B3A9-839E616F05A2}.Release|ARM.Build.0 = Release|Any CPU
		{62AD6AD6-6E59-47A9-B3A9-839E616F05A2}.Release|ARM64.ActiveCfg = Release|Any CPU
		{62AD6AD6-6E59-47A9-B3A9-839E616F05A2}.Release|ARM64.Build.0 = Release|Any CPU
		{62AD6AD6-6E59-47A9-B3A9-839E616F05A2}.Release|x64.ActiveCfg = Release|Any CPU
		{62AD6AD6-6E59-47A9-B3A9-839E616F05A2}.Release|x64.Build.0 = Release|Any CPU
		{62AD6AD6-6E59-47A9-B3A9-839E616F05A2}.Release|x86.ActiveCfg = Release|Any CPU
		{62AD6AD6-6E59-47A9-B3A9-839E616F05A2}.Release|x86.Build.0 = Release|Any CPU
		{A04DA839-6D42-4593-8A82-DC2A53ED29F2}.Debug|Any CPU.ActiveCfg = Debug|Any CPU
		{A04DA839-6D42-4593-8A82-DC2A53ED29F2}.Debug|Any CPU.Build.0 = Debug|Any CPU
		{A04DA839-6D42-4593-8A82-DC2A53ED29F2}.Debug|ARM.ActiveCfg = Debug|Any CPU
		{A04DA839-6D42-4593-8A82-DC2A53ED29F2}.Debug|ARM.Build.0 = Debug|Any CPU
		{A04DA839-6D42-4593-8A82-DC2A53ED29F2}.Debug|ARM64.ActiveCfg = Debug|Any CPU
		{A04DA839-6D42-4593-8A82-DC2A53ED29F2}.Debug|ARM64.Build.0 = Debug|Any CPU
		{A04DA839-6D42-4593-8A82-DC2A53ED29F2}.Debug|x64.ActiveCfg = Debug|Any CPU
		{A04DA839-6D42-4593-8A82-DC2A53ED29F2}.Debug|x64.Build.0 = Debug|Any CPU
		{A04DA839-6D42-4593-8A82-DC2A53ED29F2}.Debug|x86.ActiveCfg = Debug|Any CPU
		{A04DA839-6D42-4593-8A82-DC2A53ED29F2}.Debug|x86.Build.0 = Debug|Any CPU
		{A04DA839-6D42-4593-8A82-DC2A53ED29F2}.Release|Any CPU.ActiveCfg = Release|Any CPU
		{A04DA839-6D42-4593-8A82-DC2A53ED29F2}.Release|Any CPU.Build.0 = Release|Any CPU
		{A04DA839-6D42-4593-8A82-DC2A53ED29F2}.Release|ARM.ActiveCfg = Release|Any CPU
		{A04DA839-6D42-4593-8A82-DC2A53ED29F2}.Release|ARM.Build.0 = Release|Any CPU
		{A04DA839-6D42-4593-8A82-DC2A53ED29F2}.Release|ARM64.ActiveCfg = Release|Any CPU
		{A04DA839-6D42-4593-8A82-DC2A53ED29F2}.Release|ARM64.Build.0 = Release|Any CPU
		{A04DA839-6D42-4593-8A82-DC2A53ED29F2}.Release|x64.ActiveCfg = Release|Any CPU
		{A04DA839-6D42-4593-8A82-DC2A53ED29F2}.Release|x64.Build.0 = Release|Any CPU
		{A04DA839-6D42-4593-8A82-DC2A53ED29F2}.Release|x86.ActiveCfg = Release|Any CPU
		{A04DA839-6D42-4593-8A82-DC2A53ED29F2}.Release|x86.Build.0 = Release|Any CPU
		{44BB2315-8649-437F-A74A-737BBC1C77D1}.Debug|Any CPU.ActiveCfg = Debug|Any CPU
		{44BB2315-8649-437F-A74A-737BBC1C77D1}.Debug|Any CPU.Build.0 = Debug|Any CPU
		{44BB2315-8649-437F-A74A-737BBC1C77D1}.Debug|ARM.ActiveCfg = Debug|ARM
		{44BB2315-8649-437F-A74A-737BBC1C77D1}.Debug|ARM.Build.0 = Debug|ARM
		{44BB2315-8649-437F-A74A-737BBC1C77D1}.Debug|ARM64.ActiveCfg = Debug|Any CPU
		{44BB2315-8649-437F-A74A-737BBC1C77D1}.Debug|ARM64.Build.0 = Debug|Any CPU
		{44BB2315-8649-437F-A74A-737BBC1C77D1}.Debug|x64.ActiveCfg = Debug|x64
		{44BB2315-8649-437F-A74A-737BBC1C77D1}.Debug|x64.Build.0 = Debug|x64
		{44BB2315-8649-437F-A74A-737BBC1C77D1}.Debug|x86.ActiveCfg = Debug|x86
		{44BB2315-8649-437F-A74A-737BBC1C77D1}.Debug|x86.Build.0 = Debug|x86
		{44BB2315-8649-437F-A74A-737BBC1C77D1}.Release|Any CPU.ActiveCfg = Release|Any CPU
		{44BB2315-8649-437F-A74A-737BBC1C77D1}.Release|Any CPU.Build.0 = Release|Any CPU
		{44BB2315-8649-437F-A74A-737BBC1C77D1}.Release|ARM.ActiveCfg = Release|ARM
		{44BB2315-8649-437F-A74A-737BBC1C77D1}.Release|ARM.Build.0 = Release|ARM
		{44BB2315-8649-437F-A74A-737BBC1C77D1}.Release|ARM64.ActiveCfg = Release|Any CPU
		{44BB2315-8649-437F-A74A-737BBC1C77D1}.Release|ARM64.Build.0 = Release|Any CPU
		{44BB2315-8649-437F-A74A-737BBC1C77D1}.Release|x64.ActiveCfg = Release|x64
		{44BB2315-8649-437F-A74A-737BBC1C77D1}.Release|x64.Build.0 = Release|x64
		{44BB2315-8649-437F-A74A-737BBC1C77D1}.Release|x86.ActiveCfg = Release|x86
		{44BB2315-8649-437F-A74A-737BBC1C77D1}.Release|x86.Build.0 = Release|x86
		{946FF2A7-A89D-4887-A6A4-66BC62DAFCC2}.Debug|Any CPU.ActiveCfg = Debug|Any CPU
		{946FF2A7-A89D-4887-A6A4-66BC62DAFCC2}.Debug|Any CPU.Build.0 = Debug|Any CPU
		{946FF2A7-A89D-4887-A6A4-66BC62DAFCC2}.Debug|ARM.ActiveCfg = Debug|ARM
		{946FF2A7-A89D-4887-A6A4-66BC62DAFCC2}.Debug|ARM.Build.0 = Debug|ARM
		{946FF2A7-A89D-4887-A6A4-66BC62DAFCC2}.Debug|ARM64.ActiveCfg = Debug|Any CPU
		{946FF2A7-A89D-4887-A6A4-66BC62DAFCC2}.Debug|ARM64.Build.0 = Debug|Any CPU
		{946FF2A7-A89D-4887-A6A4-66BC62DAFCC2}.Debug|x64.ActiveCfg = Debug|x64
		{946FF2A7-A89D-4887-A6A4-66BC62DAFCC2}.Debug|x64.Build.0 = Debug|x64
		{946FF2A7-A89D-4887-A6A4-66BC62DAFCC2}.Debug|x86.ActiveCfg = Debug|x86
		{946FF2A7-A89D-4887-A6A4-66BC62DAFCC2}.Debug|x86.Build.0 = Debug|x86
		{946FF2A7-A89D-4887-A6A4-66BC62DAFCC2}.Release|Any CPU.ActiveCfg = Release|Any CPU
		{946FF2A7-A89D-4887-A6A4-66BC62DAFCC2}.Release|Any CPU.Build.0 = Release|Any CPU
		{946FF2A7-A89D-4887-A6A4-66BC62DAFCC2}.Release|ARM.ActiveCfg = Release|ARM
		{946FF2A7-A89D-4887-A6A4-66BC62DAFCC2}.Release|ARM.Build.0 = Release|ARM
		{946FF2A7-A89D-4887-A6A4-66BC62DAFCC2}.Release|ARM64.ActiveCfg = Release|Any CPU
		{946FF2A7-A89D-4887-A6A4-66BC62DAFCC2}.Release|ARM64.Build.0 = Release|Any CPU
		{946FF2A7-A89D-4887-A6A4-66BC62DAFCC2}.Release|x64.ActiveCfg = Release|x64
		{946FF2A7-A89D-4887-A6A4-66BC62DAFCC2}.Release|x64.Build.0 = Release|x64
		{946FF2A7-A89D-4887-A6A4-66BC62DAFCC2}.Release|x86.ActiveCfg = Release|x86
		{946FF2A7-A89D-4887-A6A4-66BC62DAFCC2}.Release|x86.Build.0 = Release|x86
		{DF62BB78-345D-49C7-9A60-BBED95B1DD4E}.Debug|Any CPU.ActiveCfg = Debug|Any CPU
		{DF62BB78-345D-49C7-9A60-BBED95B1DD4E}.Debug|Any CPU.Build.0 = Debug|Any CPU
		{DF62BB78-345D-49C7-9A60-BBED95B1DD4E}.Debug|ARM.ActiveCfg = Debug|Any CPU
		{DF62BB78-345D-49C7-9A60-BBED95B1DD4E}.Debug|ARM.Build.0 = Debug|Any CPU
		{DF62BB78-345D-49C7-9A60-BBED95B1DD4E}.Debug|ARM64.ActiveCfg = Debug|Any CPU
		{DF62BB78-345D-49C7-9A60-BBED95B1DD4E}.Debug|ARM64.Build.0 = Debug|Any CPU
		{DF62BB78-345D-49C7-9A60-BBED95B1DD4E}.Debug|x64.ActiveCfg = Debug|Any CPU
		{DF62BB78-345D-49C7-9A60-BBED95B1DD4E}.Debug|x64.Build.0 = Debug|Any CPU
		{DF62BB78-345D-49C7-9A60-BBED95B1DD4E}.Debug|x86.ActiveCfg = Debug|Any CPU
		{DF62BB78-345D-49C7-9A60-BBED95B1DD4E}.Debug|x86.Build.0 = Debug|Any CPU
		{DF62BB78-345D-49C7-9A60-BBED95B1DD4E}.Release|Any CPU.ActiveCfg = Release|Any CPU
		{DF62BB78-345D-49C7-9A60-BBED95B1DD4E}.Release|Any CPU.Build.0 = Release|Any CPU
		{DF62BB78-345D-49C7-9A60-BBED95B1DD4E}.Release|ARM.ActiveCfg = Release|Any CPU
		{DF62BB78-345D-49C7-9A60-BBED95B1DD4E}.Release|ARM.Build.0 = Release|Any CPU
		{DF62BB78-345D-49C7-9A60-BBED95B1DD4E}.Release|ARM64.ActiveCfg = Release|Any CPU
		{DF62BB78-345D-49C7-9A60-BBED95B1DD4E}.Release|ARM64.Build.0 = Release|Any CPU
		{DF62BB78-345D-49C7-9A60-BBED95B1DD4E}.Release|x64.ActiveCfg = Release|Any CPU
		{DF62BB78-345D-49C7-9A60-BBED95B1DD4E}.Release|x64.Build.0 = Release|Any CPU
		{DF62BB78-345D-49C7-9A60-BBED95B1DD4E}.Release|x86.ActiveCfg = Release|Any CPU
		{DF62BB78-345D-49C7-9A60-BBED95B1DD4E}.Release|x86.Build.0 = Release|Any CPU
		{258002B5-77A5-4791-B911-D04662B46B99}.Debug|Any CPU.ActiveCfg = Debug|Any CPU
		{258002B5-77A5-4791-B911-D04662B46B99}.Debug|Any CPU.Build.0 = Debug|Any CPU
		{258002B5-77A5-4791-B911-D04662B46B99}.Debug|ARM.ActiveCfg = Debug|Any CPU
		{258002B5-77A5-4791-B911-D04662B46B99}.Debug|ARM.Build.0 = Debug|Any CPU
		{258002B5-77A5-4791-B911-D04662B46B99}.Debug|ARM64.ActiveCfg = Debug|Any CPU
		{258002B5-77A5-4791-B911-D04662B46B99}.Debug|ARM64.Build.0 = Debug|Any CPU
		{258002B5-77A5-4791-B911-D04662B46B99}.Debug|x64.ActiveCfg = Debug|Any CPU
		{258002B5-77A5-4791-B911-D04662B46B99}.Debug|x64.Build.0 = Debug|Any CPU
		{258002B5-77A5-4791-B911-D04662B46B99}.Debug|x86.ActiveCfg = Debug|Any CPU
		{258002B5-77A5-4791-B911-D04662B46B99}.Debug|x86.Build.0 = Debug|Any CPU
		{258002B5-77A5-4791-B911-D04662B46B99}.Release|Any CPU.ActiveCfg = Release|Any CPU
		{258002B5-77A5-4791-B911-D04662B46B99}.Release|Any CPU.Build.0 = Release|Any CPU
		{258002B5-77A5-4791-B911-D04662B46B99}.Release|ARM.ActiveCfg = Release|Any CPU
		{258002B5-77A5-4791-B911-D04662B46B99}.Release|ARM.Build.0 = Release|Any CPU
		{258002B5-77A5-4791-B911-D04662B46B99}.Release|ARM64.ActiveCfg = Release|Any CPU
		{258002B5-77A5-4791-B911-D04662B46B99}.Release|ARM64.Build.0 = Release|Any CPU
		{258002B5-77A5-4791-B911-D04662B46B99}.Release|x64.ActiveCfg = Release|Any CPU
		{258002B5-77A5-4791-B911-D04662B46B99}.Release|x64.Build.0 = Release|Any CPU
		{258002B5-77A5-4791-B911-D04662B46B99}.Release|x86.ActiveCfg = Release|Any CPU
		{258002B5-77A5-4791-B911-D04662B46B99}.Release|x86.Build.0 = Release|Any CPU
		{F685CF1D-4F3C-4DAC-9460-025EDE671404}.Debug|Any CPU.ActiveCfg = Debug|Any CPU
		{F685CF1D-4F3C-4DAC-9460-025EDE671404}.Debug|Any CPU.Build.0 = Debug|Any CPU
		{F685CF1D-4F3C-4DAC-9460-025EDE671404}.Debug|ARM.ActiveCfg = Debug|Any CPU
		{F685CF1D-4F3C-4DAC-9460-025EDE671404}.Debug|ARM.Build.0 = Debug|Any CPU
		{F685CF1D-4F3C-4DAC-9460-025EDE671404}.Debug|ARM64.ActiveCfg = Debug|Any CPU
		{F685CF1D-4F3C-4DAC-9460-025EDE671404}.Debug|ARM64.Build.0 = Debug|Any CPU
		{F685CF1D-4F3C-4DAC-9460-025EDE671404}.Debug|x64.ActiveCfg = Debug|Any CPU
		{F685CF1D-4F3C-4DAC-9460-025EDE671404}.Debug|x64.Build.0 = Debug|Any CPU
		{F685CF1D-4F3C-4DAC-9460-025EDE671404}.Debug|x86.ActiveCfg = Debug|Any CPU
		{F685CF1D-4F3C-4DAC-9460-025EDE671404}.Debug|x86.Build.0 = Debug|Any CPU
		{F685CF1D-4F3C-4DAC-9460-025EDE671404}.Release|Any CPU.ActiveCfg = Release|Any CPU
		{F685CF1D-4F3C-4DAC-9460-025EDE671404}.Release|Any CPU.Build.0 = Release|Any CPU
		{F685CF1D-4F3C-4DAC-9460-025EDE671404}.Release|ARM.ActiveCfg = Release|Any CPU
		{F685CF1D-4F3C-4DAC-9460-025EDE671404}.Release|ARM.Build.0 = Release|Any CPU
		{F685CF1D-4F3C-4DAC-9460-025EDE671404}.Release|ARM64.ActiveCfg = Release|Any CPU
		{F685CF1D-4F3C-4DAC-9460-025EDE671404}.Release|ARM64.Build.0 = Release|Any CPU
		{F685CF1D-4F3C-4DAC-9460-025EDE671404}.Release|x64.ActiveCfg = Release|Any CPU
		{F685CF1D-4F3C-4DAC-9460-025EDE671404}.Release|x64.Build.0 = Release|Any CPU
		{F685CF1D-4F3C-4DAC-9460-025EDE671404}.Release|x86.ActiveCfg = Release|Any CPU
		{F685CF1D-4F3C-4DAC-9460-025EDE671404}.Release|x86.Build.0 = Release|Any CPU
		{A0FC0AC6-2494-494D-ADE4-FE0CA3692EDE}.Debug|Any CPU.ActiveCfg = Debug|Any CPU
		{A0FC0AC6-2494-494D-ADE4-FE0CA3692EDE}.Debug|Any CPU.Build.0 = Debug|Any CPU
		{A0FC0AC6-2494-494D-ADE4-FE0CA3692EDE}.Debug|ARM.ActiveCfg = Debug|Any CPU
		{A0FC0AC6-2494-494D-ADE4-FE0CA3692EDE}.Debug|ARM.Build.0 = Debug|Any CPU
		{A0FC0AC6-2494-494D-ADE4-FE0CA3692EDE}.Debug|ARM64.ActiveCfg = Debug|Any CPU
		{A0FC0AC6-2494-494D-ADE4-FE0CA3692EDE}.Debug|ARM64.Build.0 = Debug|Any CPU
		{A0FC0AC6-2494-494D-ADE4-FE0CA3692EDE}.Debug|x64.ActiveCfg = Debug|Any CPU
		{A0FC0AC6-2494-494D-ADE4-FE0CA3692EDE}.Debug|x64.Build.0 = Debug|Any CPU
		{A0FC0AC6-2494-494D-ADE4-FE0CA3692EDE}.Debug|x86.ActiveCfg = Debug|Any CPU
		{A0FC0AC6-2494-494D-ADE4-FE0CA3692EDE}.Debug|x86.Build.0 = Debug|Any CPU
		{A0FC0AC6-2494-494D-ADE4-FE0CA3692EDE}.Release|Any CPU.ActiveCfg = Release|Any CPU
		{A0FC0AC6-2494-494D-ADE4-FE0CA3692EDE}.Release|Any CPU.Build.0 = Release|Any CPU
		{A0FC0AC6-2494-494D-ADE4-FE0CA3692EDE}.Release|ARM.ActiveCfg = Release|Any CPU
		{A0FC0AC6-2494-494D-ADE4-FE0CA3692EDE}.Release|ARM.Build.0 = Release|Any CPU
		{A0FC0AC6-2494-494D-ADE4-FE0CA3692EDE}.Release|ARM64.ActiveCfg = Release|Any CPU
		{A0FC0AC6-2494-494D-ADE4-FE0CA3692EDE}.Release|ARM64.Build.0 = Release|Any CPU
		{A0FC0AC6-2494-494D-ADE4-FE0CA3692EDE}.Release|x64.ActiveCfg = Release|Any CPU
		{A0FC0AC6-2494-494D-ADE4-FE0CA3692EDE}.Release|x64.Build.0 = Release|Any CPU
		{A0FC0AC6-2494-494D-ADE4-FE0CA3692EDE}.Release|x86.ActiveCfg = Release|Any CPU
		{A0FC0AC6-2494-494D-ADE4-FE0CA3692EDE}.Release|x86.Build.0 = Release|Any CPU
		{EBA09A54-3EED-4DFB-A40B-B3CF8E639A1B}.Debug|Any CPU.ActiveCfg = Debug|Any CPU
		{EBA09A54-3EED-4DFB-A40B-B3CF8E639A1B}.Debug|Any CPU.Build.0 = Debug|Any CPU
		{EBA09A54-3EED-4DFB-A40B-B3CF8E639A1B}.Debug|ARM.ActiveCfg = Debug|Any CPU
		{EBA09A54-3EED-4DFB-A40B-B3CF8E639A1B}.Debug|ARM.Build.0 = Debug|Any CPU
		{EBA09A54-3EED-4DFB-A40B-B3CF8E639A1B}.Debug|ARM64.ActiveCfg = Debug|Any CPU
		{EBA09A54-3EED-4DFB-A40B-B3CF8E639A1B}.Debug|ARM64.Build.0 = Debug|Any CPU
		{EBA09A54-3EED-4DFB-A40B-B3CF8E639A1B}.Debug|x64.ActiveCfg = Debug|Any CPU
		{EBA09A54-3EED-4DFB-A40B-B3CF8E639A1B}.Debug|x64.Build.0 = Debug|Any CPU
		{EBA09A54-3EED-4DFB-A40B-B3CF8E639A1B}.Debug|x86.ActiveCfg = Debug|Any CPU
		{EBA09A54-3EED-4DFB-A40B-B3CF8E639A1B}.Debug|x86.Build.0 = Debug|Any CPU
		{EBA09A54-3EED-4DFB-A40B-B3CF8E639A1B}.Release|Any CPU.ActiveCfg = Release|Any CPU
		{EBA09A54-3EED-4DFB-A40B-B3CF8E639A1B}.Release|Any CPU.Build.0 = Release|Any CPU
		{EBA09A54-3EED-4DFB-A40B-B3CF8E639A1B}.Release|ARM.ActiveCfg = Release|Any CPU
		{EBA09A54-3EED-4DFB-A40B-B3CF8E639A1B}.Release|ARM.Build.0 = Release|Any CPU
		{EBA09A54-3EED-4DFB-A40B-B3CF8E639A1B}.Release|ARM64.ActiveCfg = Release|Any CPU
		{EBA09A54-3EED-4DFB-A40B-B3CF8E639A1B}.Release|ARM64.Build.0 = Release|Any CPU
		{EBA09A54-3EED-4DFB-A40B-B3CF8E639A1B}.Release|x64.ActiveCfg = Release|Any CPU
		{EBA09A54-3EED-4DFB-A40B-B3CF8E639A1B}.Release|x64.Build.0 = Release|Any CPU
		{EBA09A54-3EED-4DFB-A40B-B3CF8E639A1B}.Release|x86.ActiveCfg = Release|Any CPU
		{EBA09A54-3EED-4DFB-A40B-B3CF8E639A1B}.Release|x86.Build.0 = Release|Any CPU
		{707DFD32-EE3D-41A0-8062-C70FBD4BD8B7}.Debug|Any CPU.ActiveCfg = Debug|Any CPU
		{707DFD32-EE3D-41A0-8062-C70FBD4BD8B7}.Debug|Any CPU.Build.0 = Debug|Any CPU
		{707DFD32-EE3D-41A0-8062-C70FBD4BD8B7}.Debug|ARM.ActiveCfg = Debug|Any CPU
		{707DFD32-EE3D-41A0-8062-C70FBD4BD8B7}.Debug|ARM.Build.0 = Debug|Any CPU
		{707DFD32-EE3D-41A0-8062-C70FBD4BD8B7}.Debug|ARM64.ActiveCfg = Debug|Any CPU
		{707DFD32-EE3D-41A0-8062-C70FBD4BD8B7}.Debug|ARM64.Build.0 = Debug|Any CPU
		{707DFD32-EE3D-41A0-8062-C70FBD4BD8B7}.Debug|x64.ActiveCfg = Debug|Any CPU
		{707DFD32-EE3D-41A0-8062-C70FBD4BD8B7}.Debug|x64.Build.0 = Debug|Any CPU
		{707DFD32-EE3D-41A0-8062-C70FBD4BD8B7}.Debug|x86.ActiveCfg = Debug|Any CPU
		{707DFD32-EE3D-41A0-8062-C70FBD4BD8B7}.Debug|x86.Build.0 = Debug|Any CPU
		{707DFD32-EE3D-41A0-8062-C70FBD4BD8B7}.Release|Any CPU.ActiveCfg = Release|Any CPU
		{707DFD32-EE3D-41A0-8062-C70FBD4BD8B7}.Release|Any CPU.Build.0 = Release|Any CPU
		{707DFD32-EE3D-41A0-8062-C70FBD4BD8B7}.Release|ARM.ActiveCfg = Release|Any CPU
		{707DFD32-EE3D-41A0-8062-C70FBD4BD8B7}.Release|ARM.Build.0 = Release|Any CPU
		{707DFD32-EE3D-41A0-8062-C70FBD4BD8B7}.Release|ARM64.ActiveCfg = Release|Any CPU
		{707DFD32-EE3D-41A0-8062-C70FBD4BD8B7}.Release|ARM64.Build.0 = Release|Any CPU
		{707DFD32-EE3D-41A0-8062-C70FBD4BD8B7}.Release|x64.ActiveCfg = Release|Any CPU
		{707DFD32-EE3D-41A0-8062-C70FBD4BD8B7}.Release|x64.Build.0 = Release|Any CPU
		{707DFD32-EE3D-41A0-8062-C70FBD4BD8B7}.Release|x86.ActiveCfg = Release|Any CPU
		{707DFD32-EE3D-41A0-8062-C70FBD4BD8B7}.Release|x86.Build.0 = Release|Any CPU
		{8078CAD7-F842-493E-97C7-9E6AFD6F0D8D}.Debug|Any CPU.ActiveCfg = Debug|Any CPU
		{8078CAD7-F842-493E-97C7-9E6AFD6F0D8D}.Debug|Any CPU.Build.0 = Debug|Any CPU
		{8078CAD7-F842-493E-97C7-9E6AFD6F0D8D}.Debug|ARM.ActiveCfg = Debug|Any CPU
		{8078CAD7-F842-493E-97C7-9E6AFD6F0D8D}.Debug|ARM.Build.0 = Debug|Any CPU
		{8078CAD7-F842-493E-97C7-9E6AFD6F0D8D}.Debug|ARM64.ActiveCfg = Debug|Any CPU
		{8078CAD7-F842-493E-97C7-9E6AFD6F0D8D}.Debug|ARM64.Build.0 = Debug|Any CPU
		{8078CAD7-F842-493E-97C7-9E6AFD6F0D8D}.Debug|x64.ActiveCfg = Debug|Any CPU
		{8078CAD7-F842-493E-97C7-9E6AFD6F0D8D}.Debug|x64.Build.0 = Debug|Any CPU
		{8078CAD7-F842-493E-97C7-9E6AFD6F0D8D}.Debug|x86.ActiveCfg = Debug|Any CPU
		{8078CAD7-F842-493E-97C7-9E6AFD6F0D8D}.Debug|x86.Build.0 = Debug|Any CPU
		{8078CAD7-F842-493E-97C7-9E6AFD6F0D8D}.Release|Any CPU.ActiveCfg = Release|Any CPU
		{8078CAD7-F842-493E-97C7-9E6AFD6F0D8D}.Release|Any CPU.Build.0 = Release|Any CPU
		{8078CAD7-F842-493E-97C7-9E6AFD6F0D8D}.Release|ARM.ActiveCfg = Release|Any CPU
		{8078CAD7-F842-493E-97C7-9E6AFD6F0D8D}.Release|ARM.Build.0 = Release|Any CPU
		{8078CAD7-F842-493E-97C7-9E6AFD6F0D8D}.Release|ARM64.ActiveCfg = Release|Any CPU
		{8078CAD7-F842-493E-97C7-9E6AFD6F0D8D}.Release|ARM64.Build.0 = Release|Any CPU
		{8078CAD7-F842-493E-97C7-9E6AFD6F0D8D}.Release|x64.ActiveCfg = Release|Any CPU
		{8078CAD7-F842-493E-97C7-9E6AFD6F0D8D}.Release|x64.Build.0 = Release|Any CPU
		{8078CAD7-F842-493E-97C7-9E6AFD6F0D8D}.Release|x86.ActiveCfg = Release|Any CPU
		{8078CAD7-F842-493E-97C7-9E6AFD6F0D8D}.Release|x86.Build.0 = Release|Any CPU
		{3E2E964E-6A39-41F4-B1B3-BD961BEF025A}.Debug|Any CPU.ActiveCfg = Debug|Any CPU
		{3E2E964E-6A39-41F4-B1B3-BD961BEF025A}.Debug|Any CPU.Build.0 = Debug|Any CPU
		{3E2E964E-6A39-41F4-B1B3-BD961BEF025A}.Debug|ARM.ActiveCfg = Debug|Any CPU
		{3E2E964E-6A39-41F4-B1B3-BD961BEF025A}.Debug|ARM.Build.0 = Debug|Any CPU
		{3E2E964E-6A39-41F4-B1B3-BD961BEF025A}.Debug|ARM64.ActiveCfg = Debug|Any CPU
		{3E2E964E-6A39-41F4-B1B3-BD961BEF025A}.Debug|ARM64.Build.0 = Debug|Any CPU
		{3E2E964E-6A39-41F4-B1B3-BD961BEF025A}.Debug|x64.ActiveCfg = Debug|Any CPU
		{3E2E964E-6A39-41F4-B1B3-BD961BEF025A}.Debug|x64.Build.0 = Debug|Any CPU
		{3E2E964E-6A39-41F4-B1B3-BD961BEF025A}.Debug|x86.ActiveCfg = Debug|Any CPU
		{3E2E964E-6A39-41F4-B1B3-BD961BEF025A}.Debug|x86.Build.0 = Debug|Any CPU
		{3E2E964E-6A39-41F4-B1B3-BD961BEF025A}.Release|Any CPU.ActiveCfg = Release|Any CPU
		{3E2E964E-6A39-41F4-B1B3-BD961BEF025A}.Release|Any CPU.Build.0 = Release|Any CPU
		{3E2E964E-6A39-41F4-B1B3-BD961BEF025A}.Release|ARM.ActiveCfg = Release|Any CPU
		{3E2E964E-6A39-41F4-B1B3-BD961BEF025A}.Release|ARM.Build.0 = Release|Any CPU
		{3E2E964E-6A39-41F4-B1B3-BD961BEF025A}.Release|ARM64.ActiveCfg = Release|Any CPU
		{3E2E964E-6A39-41F4-B1B3-BD961BEF025A}.Release|ARM64.Build.0 = Release|Any CPU
		{3E2E964E-6A39-41F4-B1B3-BD961BEF025A}.Release|x64.ActiveCfg = Release|Any CPU
		{3E2E964E-6A39-41F4-B1B3-BD961BEF025A}.Release|x64.Build.0 = Release|Any CPU
		{3E2E964E-6A39-41F4-B1B3-BD961BEF025A}.Release|x86.ActiveCfg = Release|Any CPU
		{3E2E964E-6A39-41F4-B1B3-BD961BEF025A}.Release|x86.Build.0 = Release|Any CPU
	EndGlobalSection
	GlobalSection(SolutionProperties) = preSolution
		HideSolutionNode = FALSE
	EndGlobalSection
	GlobalSection(NestedProjects) = preSolution
		{43025BD9-75A8-406D-9C1D-E7877CC71368} = {1F48D0D5-940B-4C02-948B-1146BDC63551}
		{5FB9E435-E16E-4EBE-BA86-2C06781A7403} = {1F48D0D5-940B-4C02-948B-1146BDC63551}
		{4FB155D3-3155-43E3-AB27-D6E0CB46F18F} = {8B84CC6B-1090-45B1-A55B-DED0DFA093EC}
		{8B84CC6B-1090-45B1-A55B-DED0DFA093EC} = {1F48D0D5-940B-4C02-948B-1146BDC63551}
		{0FD5570B-675F-43AB-BC20-D7B57AEA8F4B} = {40056EBD-9E94-4E62-BAE0-F559FE665373}
		{52E7FD0C-B278-4A61-B349-07505F976B9A} = {40056EBD-9E94-4E62-BAE0-F559FE665373}
		{7CDF9F31-1966-4057-997B-9BF5A2CFFA89} = {58472783-10CA-409B-9948-C9C141BF1FFC}
		{DA1C2F28-0783-440F-811E-592B008E4378} = {894E91B3-883D-4FE7-9DDD-47A6127F6657}
		{1AFF4E2B-D718-4901-92CF-D9394716CDF9} = {894E91B3-883D-4FE7-9DDD-47A6127F6657}
		{4B09E713-FC6B-4747-91D6-6F9342896910} = {E8D6996A-C074-477B-BE71-548689ADBD43}
		{D1484A15-5E6D-4244-BB35-F2C72407FA54} = {E8D6996A-C074-477B-BE71-548689ADBD43}
		{C0C48A69-D678-40DA-8C8F-97D72F7577F3} = {6949A5CF-1C40-4C1B-863E-E0804DA90900}
		{1BAD2152-227A-48E5-8A18-55896BC5C1B1} = {6949A5CF-1C40-4C1B-863E-E0804DA90900}
		{06B0A7E4-5808-4E65-9803-7E4A7FBE367F} = {51F9F04D-6D3E-481F-85BB-6291C3FE212D}
		{E52E0574-4A79-4B1E-B1D6-A872CEFD35A4} = {51F9F04D-6D3E-481F-85BB-6291C3FE212D}
		{FD687785-BB69-4E74-991B-8BDA54D346C7} = {562BB1F8-ED82-4805-A006-4E4FAD3986B6}
		{38BAB87D-3640-4D16-986E-9E6201271EEB} = {A4913819-2436-4AFB-920E-8DA368DD9019}
		{2B78BCFD-CB8E-4338-8203-1D1F192A0320} = {CF9C44F2-50CC-4E89-AD18-E1F54B21C38B}
		{D860E5CC-1640-4E33-AE6C-9865DD34C8DD} = {CF9C44F2-50CC-4E89-AD18-E1F54B21C38B}
		{BB1BD806-C689-4955-9F5B-181ED2F3F577} = {9A2015F6-6FA4-4740-A6DD-DD1337E3CE00}
		{62AD6AD6-6E59-47A9-B3A9-839E616F05A2} = {9A2015F6-6FA4-4740-A6DD-DD1337E3CE00}
		{A04DA839-6D42-4593-8A82-DC2A53ED29F2} = {3E0C1FA4-4640-4E0D-AE45-2996EA640242}
		{44BB2315-8649-437F-A74A-737BBC1C77D1} = {DBD46EBF-CC12-4754-9971-41DB2F587B90}
		{946FF2A7-A89D-4887-A6A4-66BC62DAFCC2} = {0455834B-9ADB-4754-AC50-8790D6644F9C}
		{DF62BB78-345D-49C7-9A60-BBED95B1DD4E} = {F7DDB438-3693-4801-9F09-CC2F9EA64E37}
		{258002B5-77A5-4791-B911-D04662B46B99} = {F7DDB438-3693-4801-9F09-CC2F9EA64E37}
		{F685CF1D-4F3C-4DAC-9460-025EDE671404} = {3E0C1FA4-4640-4E0D-AE45-2996EA640242}
		{A0FC0AC6-2494-494D-ADE4-FE0CA3692EDE} = {A4913819-2436-4AFB-920E-8DA368DD9019}
		{EBA09A54-3EED-4DFB-A40B-B3CF8E639A1B} = {562BB1F8-ED82-4805-A006-4E4FAD3986B6}
		{707DFD32-EE3D-41A0-8062-C70FBD4BD8B7} = {58472783-10CA-409B-9948-C9C141BF1FFC}
		{85C57F88-B4FF-4527-A942-F08D4EE4EA84} = {83F19F3E-A0ED-4539-B03E-5F580A68A0DB}
		{8078CAD7-F842-493E-97C7-9E6AFD6F0D8D} = {85C57F88-B4FF-4527-A942-F08D4EE4EA84}
		{3E2E964E-6A39-41F4-B1B3-BD961BEF025A} = {85C57F88-B4FF-4527-A942-F08D4EE4EA84}
	EndGlobalSection
	GlobalSection(ExtensibilityGlobals) = postSolution
		SolutionGuid = {6ED3788D-786B-423A-92A3-6F237B598B19}
	EndGlobalSection
EndGlobal
